{
  "name": "babel-preset-meteor",
  "version": "7.0.0-beta.1",
  "lockfileVersion": 1,
  "requires": true,
  "dependencies": {
    "ansi-styles": {
      "version": "3.2.0",
      "resolved": "https://registry.npmjs.org/ansi-styles/-/ansi-styles-3.2.0.tgz",
      "integrity": "sha512-NnSOmMEYtVR2JVMIGTzynRkkaxtiq1xnFBcdQD/DnNCYPoEPsVJhM98BDyaoNOQIi7p4okdi3E27eN7GQbsUug==",
      "requires": {
        "color-convert": "1.9.0"
      }
    },
    "babel-code-frame": {
      "version": "7.0.0-beta.2",
      "resolved": "https://registry.npmjs.org/babel-code-frame/-/babel-code-frame-7.0.0-beta.2.tgz",
      "integrity": "sha512-APuK8qxv730ebApbtkBdXExMXFvklIOnI55CdmpJEjSonm11I6TR/1i94NQvUlAHbsI3RofUOC9JBmuXCPL+NQ==",
      "requires": {
        "chalk": "2.1.0",
        "esutils": "2.0.2",
        "js-tokens": "3.0.2"
      }
    },
    "babel-helper-annotate-as-pure": {
      "version": "7.0.0-beta.2",
      "resolved": "https://registry.npmjs.org/babel-helper-annotate-as-pure/-/babel-helper-annotate-as-pure-7.0.0-beta.2.tgz",
      "integrity": "sha512-ALMJxf+quNt+4Bbj2N1f3QHhplJT3yp2UXjwpha0c4s9NBMsiStegqckB4/MrA3DeKsiSR7GATGQYA3MI1qpNw==",
      "requires": {
        "babel-types": "7.0.0-beta.2"
      }
    },
    "babel-helper-call-delegate": {
      "version": "7.0.0-beta.2",
      "resolved": "https://registry.npmjs.org/babel-helper-call-delegate/-/babel-helper-call-delegate-7.0.0-beta.2.tgz",
      "integrity": "sha512-Kis89JR41/WPE+lD1I8WE6JTgglSp6ZkkXFrfiw2eTwMnxhcI41delaNgUhc3LNXnwCYbotuj8c53vXBN52yww==",
      "requires": {
        "babel-helper-hoist-variables": "7.0.0-beta.2",
        "babel-traverse": "7.0.0-beta.2",
        "babel-types": "7.0.0-beta.2"
      }
    },
    "babel-helper-define-map": {
      "version": "7.0.0-beta.2",
      "resolved": "https://registry.npmjs.org/babel-helper-define-map/-/babel-helper-define-map-7.0.0-beta.2.tgz",
      "integrity": "sha512-YKBojdT80N2BM3a4WJV5JxDnuOhnpDc0o/RJYI8L+V/fScguDW6O2W2Se+KolHMZPMx5JSaG6rAe/2poe/8zhw==",
      "requires": {
        "babel-helper-function-name": "7.0.0-beta.2",
        "babel-types": "7.0.0-beta.2",
        "lodash": "4.17.4"
      }
    },
    "babel-helper-function-name": {
      "version": "7.0.0-beta.2",
      "resolved": "https://registry.npmjs.org/babel-helper-function-name/-/babel-helper-function-name-7.0.0-beta.2.tgz",
      "integrity": "sha512-7jdswv5q6zYBRapDjfUSZrVeU4tM2rtUqGFon6w/2AhgXLzXgQPt1kjYnpIOnQo+UiHCtE8wIjgVXGGnMhRUqA==",
      "requires": {
        "babel-helper-get-function-arity": "7.0.0-beta.2",
        "babel-template": "7.0.0-beta.2",
        "babel-traverse": "7.0.0-beta.2",
        "babel-types": "7.0.0-beta.2"
      }
    },
    "babel-helper-get-function-arity": {
      "version": "7.0.0-beta.2",
      "resolved": "https://registry.npmjs.org/babel-helper-get-function-arity/-/babel-helper-get-function-arity-7.0.0-beta.2.tgz",
      "integrity": "sha512-E1+paLh2u+uh2AsV7cq/9HXSIY4cOKu6LgDBvvVkymeVXtROz0xGmroDA+64O/F1yWNoAF5An4oZMMfYvCK6SQ==",
      "requires": {
        "babel-types": "7.0.0-beta.2"
      }
    },
    "babel-helper-hoist-variables": {
      "version": "7.0.0-beta.2",
      "resolved": "https://registry.npmjs.org/babel-helper-hoist-variables/-/babel-helper-hoist-variables-7.0.0-beta.2.tgz",
      "integrity": "sha512-qBwOO5kRe+r3Wtse/VR0jvbbuHcqMJbbjrVdAk7YU8H932HL0WXh5OzSMF0ZW0KAFygAOS+P2HVSaXbFWmXSnA==",
      "requires": {
        "babel-types": "7.0.0-beta.2"
      }
    },
    "babel-helper-optimise-call-expression": {
      "version": "7.0.0-beta.2",
      "resolved": "https://registry.npmjs.org/babel-helper-optimise-call-expression/-/babel-helper-optimise-call-expression-7.0.0-beta.2.tgz",
      "integrity": "sha512-jAu8njCuGQLT0c122QNjGi08q3PPyMXF1dFzx4T+7wQF8yazAIbqtSrTYXsmfKVDnqFlDQAXRyqWnZnYH9vWRA==",
      "requires": {
        "babel-types": "7.0.0-beta.2"
      }
    },
    "babel-helper-regex": {
      "version": "7.0.0-beta.2",
      "resolved": "https://registry.npmjs.org/babel-helper-regex/-/babel-helper-regex-7.0.0-beta.2.tgz",
      "integrity": "sha512-taQWsA5nkukEjXAvGDti6BmDNnWJVhkeaCHE8w9aiXAG1EgvISMKaa+kQ67kuY/z8xPuE7HCN9ghn5oGqeRtYw==",
      "requires": {
        "lodash": "4.17.4"
      }
    },
    "babel-helper-replace-supers": {
      "version": "7.0.0-beta.2",
      "resolved": "https://registry.npmjs.org/babel-helper-replace-supers/-/babel-helper-replace-supers-7.0.0-beta.2.tgz",
      "integrity": "sha512-Ul+KBqzKCY7TJ+Uc/UOwweia5R0mY2zO2RuTXffcA5v4fGvfYF9Olg9NPDenQkSbHe1e5ti/dZLs7tzzO8uOsw==",
      "requires": {
        "babel-helper-optimise-call-expression": "7.0.0-beta.2",
        "babel-messages": "7.0.0-beta.2",
        "babel-template": "7.0.0-beta.2",
        "babel-traverse": "7.0.0-beta.2",
        "babel-types": "7.0.0-beta.2"
      }
    },
    "babel-messages": {
      "version": "7.0.0-beta.2",
      "resolved": "https://registry.npmjs.org/babel-messages/-/babel-messages-7.0.0-beta.2.tgz",
      "integrity": "sha512-umt6OdEmk1aekKX7tkDE3bS2CrJPJ8HuVVRJ6SbRW5MzlZ8n4AHqynMxSZoaSMfafaXb0szkni2UaXYuKPLjig=="
    },
    "babel-plugin-check-es2015-constants": {
      "version": "7.0.0-beta.2",
      "resolved": "https://registry.npmjs.org/babel-plugin-check-es2015-constants/-/babel-plugin-check-es2015-constants-7.0.0-beta.2.tgz",
      "integrity": "sha512-gUrmpU5hatG0XfyTnN4nMYAcutxF85nbRe5gvd5GRNUMsBNKQfrRV/Qclb6TNK2LqPlXANk0nDx1GwmN7sGB6Q=="
    },
    "babel-plugin-syntax-async-functions": {
      "version": "7.0.0-beta.0",
      "resolved": "https://registry.npmjs.org/babel-plugin-syntax-async-functions/-/babel-plugin-syntax-async-functions-7.0.0-beta.0.tgz",
      "integrity": "sha512-IKh5AA3LKrqluJVc3xVE0i4zD7OIW1Iyua4uZQ3PCwey5lv/pM668eYhIEQT3fj8SmdP3cXVquvKQ0IdMVgQxg=="
    },
    "babel-plugin-syntax-async-generators": {
      "version": "7.0.0-beta.2",
      "resolved": "https://registry.npmjs.org/babel-plugin-syntax-async-generators/-/babel-plugin-syntax-async-generators-7.0.0-beta.2.tgz",
      "integrity": "sha512-qYGIMuAz0gHPfIPW8Sb5jrhUCZ15S+dSmcDN8QWJ/Gq4J4puChFTmkjCuRWstTkEPWMeQV5hMLXd8sueGh0Xiw=="
    },
    "babel-plugin-syntax-flow": {
      "version": "7.0.0-beta.2",
      "resolved": "https://registry.npmjs.org/babel-plugin-syntax-flow/-/babel-plugin-syntax-flow-7.0.0-beta.2.tgz",
      "integrity": "sha512-6MOzctLdk7Q0Hn0zCD9/YoFuPLahiXTiKsbOrdRfmuwnN2ZckKQs1FFFZwcfeZAJ43tp8xPdFKCDEjnZIRwhiA=="
    },
    "babel-plugin-syntax-object-rest-spread": {
      "version": "7.0.0-beta.2",
      "resolved": "https://registry.npmjs.org/babel-plugin-syntax-object-rest-spread/-/babel-plugin-syntax-object-rest-spread-7.0.0-beta.2.tgz",
      "integrity": "sha512-nc+6JUbqCHbzWqqmgtTUf5RYPcXU0Zlpl8LpcRkxc6U3ScnJGXdTDO70PXH2yEVeSMTLAK1WdYfKHAr27vVvQQ=="
    },
    "babel-plugin-syntax-trailing-function-commas": {
      "version": "7.0.0-beta.0",
      "resolved": "https://registry.npmjs.org/babel-plugin-syntax-trailing-function-commas/-/babel-plugin-syntax-trailing-function-commas-7.0.0-beta.0.tgz",
      "integrity": "sha512-Xj9XuRuz3nTSbaTXWv3itLOcxyF4oPD8douBBmj7U9BBC6nEBYfyOJYQMf/8PJAFotC62UY5dFfIGEPr7WswzQ=="
    },
    "babel-plugin-transform-es2015-arrow-functions": {
      "version": "7.0.0-beta.2",
      "resolved": "https://registry.npmjs.org/babel-plugin-transform-es2015-arrow-functions/-/babel-plugin-transform-es2015-arrow-functions-7.0.0-beta.2.tgz",
      "integrity": "sha512-ZYzXqPPanY6NuNj88Uo7YfYmYNp39s/DUt+PMrK76dvm61nBJQquyS5RRND75W36dWpjgml8tb90RZVFcqlOCg=="
    },
    "babel-plugin-transform-es2015-block-scoped-functions": {
      "version": "7.0.0-beta.2",
      "resolved": "https://registry.npmjs.org/babel-plugin-transform-es2015-block-scoped-functions/-/babel-plugin-transform-es2015-block-scoped-functions-7.0.0-beta.2.tgz",
      "integrity": "sha512-olNW9gIhzviQ8UR2x5AW6YdmO8JuKKcdai5f4kySrPd6881E0EMt1YX+0DJp+sVWIwEaBCkK6/fdRlfFTLuLEg=="
    },
    "babel-plugin-transform-es2015-block-scoping": {
      "version": "7.0.0-beta.2",
      "resolved": "https://registry.npmjs.org/babel-plugin-transform-es2015-block-scoping/-/babel-plugin-transform-es2015-block-scoping-7.0.0-beta.2.tgz",
      "integrity": "sha512-YZXeQiPKOq6pxYUuMaGNCvyIXZs2X3LYq82UFKuEwoLRtLRWMIy3iAiIALTR0pRrdDWoOj6Izq0a4c0abDvMHw==",
      "requires": {
        "babel-template": "7.0.0-beta.2",
        "babel-traverse": "7.0.0-beta.2",
        "babel-types": "7.0.0-beta.2",
        "lodash": "4.17.4"
      }
    },
    "babel-plugin-transform-es2015-classes": {
      "version": "7.0.0-beta.2",
      "resolved": "https://registry.npmjs.org/babel-plugin-transform-es2015-classes/-/babel-plugin-transform-es2015-classes-7.0.0-beta.2.tgz",
      "integrity": "sha512-+PrhGwwzKDggxbiJkRkZEFxfp9DZ2niGdJguxgWujR2yZ8+Oc3hjHTbD9jAshrM9q4uOznNQlXjpaXfavjk5ew==",
      "requires": {
        "babel-helper-annotate-as-pure": "7.0.0-beta.2",
        "babel-helper-define-map": "7.0.0-beta.2",
        "babel-helper-function-name": "7.0.0-beta.2",
        "babel-helper-optimise-call-expression": "7.0.0-beta.2",
        "babel-helper-replace-supers": "7.0.0-beta.2",
        "babel-messages": "7.0.0-beta.2",
        "babel-template": "7.0.0-beta.2",
        "babel-traverse": "7.0.0-beta.2",
        "babel-types": "7.0.0-beta.2"
      }
    },
    "babel-plugin-transform-es2015-computed-properties": {
      "version": "7.0.0-beta.2",
      "resolved": "https://registry.npmjs.org/babel-plugin-transform-es2015-computed-properties/-/babel-plugin-transform-es2015-computed-properties-7.0.0-beta.2.tgz",
      "integrity": "sha512-xh3QnyZvmImBH+/BpPlRyQKcPq0uyg9Ib+2u9IUR7Y9yNGt7DpvD+tG5s/J/wVAhXJgz2CRLKPgt2B3eMDOz6g==",
      "requires": {
        "babel-template": "7.0.0-beta.2"
      }
    },
    "babel-plugin-transform-es2015-destructuring": {
      "version": "7.0.0-beta.2",
      "resolved": "https://registry.npmjs.org/babel-plugin-transform-es2015-destructuring/-/babel-plugin-transform-es2015-destructuring-7.0.0-beta.2.tgz",
      "integrity": "sha512-ojM4w/Eq4kUihcQTbU+H+Kk3kyiCfYWaVpIud+cFxjoSP70P/My/+/t0TLLqv1Hz1/V9hMXYFKGWU+cjjhVnXg=="
    },
    "babel-plugin-transform-es2015-for-of": {
      "version": "7.0.0-beta.2",
      "resolved": "https://registry.npmjs.org/babel-plugin-transform-es2015-for-of/-/babel-plugin-transform-es2015-for-of-7.0.0-beta.2.tgz",
      "integrity": "sha512-PpW4wID+UG8WEzM7xD0Y6wsbIp8HnbC981PpOJLyvjSlqb9vz2GYQGDE0IcTYMvkNj5Cq1ncWXLIIJqB8GKkWA=="
    },
    "babel-plugin-transform-es2015-literals": {
      "version": "7.0.0-beta.2",
      "resolved": "https://registry.npmjs.org/babel-plugin-transform-es2015-literals/-/babel-plugin-transform-es2015-literals-7.0.0-beta.2.tgz",
      "integrity": "sha512-Akbc/CCiTgpwSrvn9RXHf+YQX+5NhQytkhVrjp2w7qn4LnkJ8xzy5hhlzC03ZhCpfU/YQg8nCdeOVMfuxi50Og=="
    },
    "babel-plugin-transform-es2015-object-super": {
      "version": "7.0.0-beta.2",
      "resolved": "https://registry.npmjs.org/babel-plugin-transform-es2015-object-super/-/babel-plugin-transform-es2015-object-super-7.0.0-beta.2.tgz",
      "integrity": "sha512-kwm0aNaxN1IRbMNhOugUjA3zRN6U6RKLMSZ2wq9nWsErS7hlXsxxXd/rX56NHMv7eqQz+Ww2Z7Ty/51bBH/q+w==",
      "requires": {
        "babel-helper-replace-supers": "7.0.0-beta.2"
      }
    },
    "babel-plugin-transform-es2015-parameters": {
      "version": "7.0.0-beta.2",
      "resolved": "https://registry.npmjs.org/babel-plugin-transform-es2015-parameters/-/babel-plugin-transform-es2015-parameters-7.0.0-beta.2.tgz",
      "integrity": "sha512-U0lsbV1CLDEN7rKMApAFMM1SnN/3N14K4yMI9/9LdS9VluKRZ1G6B+EiynG9+UDxYRfnhLLztGke84la2iKtNw==",
      "requires": {
        "babel-helper-call-delegate": "7.0.0-beta.2",
        "babel-helper-get-function-arity": "7.0.0-beta.2",
        "babel-template": "7.0.0-beta.2",
        "babel-traverse": "7.0.0-beta.2",
        "babel-types": "7.0.0-beta.2"
      }
    },
    "babel-plugin-transform-es2015-shorthand-properties": {
      "version": "7.0.0-beta.2",
      "resolved": "https://registry.npmjs.org/babel-plugin-transform-es2015-shorthand-properties/-/babel-plugin-transform-es2015-shorthand-properties-7.0.0-beta.2.tgz",
      "integrity": "sha512-qFGGCNpgKvJ5uU2CtJH+B0LJ+7DnpIksDLcNQo3Yo5EoXe8Z51EYd69k2eC77FrtInWWaoqln/osY4BC2fod2A==",
      "requires": {
        "babel-types": "7.0.0-beta.2"
      }
    },
    "babel-plugin-transform-es2015-spread": {
      "version": "7.0.0-beta.2",
      "resolved": "https://registry.npmjs.org/babel-plugin-transform-es2015-spread/-/babel-plugin-transform-es2015-spread-7.0.0-beta.2.tgz",
      "integrity": "sha512-17hgsr9AEWalOlDAvHoqf449qk+x39hqI64wGukKCPNYqCCj08hBBG1ebMYGxZjiGbB45V1uqbobV7lcG5Es8w=="
    },
    "babel-plugin-transform-es2015-sticky-regex": {
      "version": "7.0.0-beta.2",
      "resolved": "https://registry.npmjs.org/babel-plugin-transform-es2015-sticky-regex/-/babel-plugin-transform-es2015-sticky-regex-7.0.0-beta.2.tgz",
      "integrity": "sha512-1RYMZx3z9Eoi8sO6LGEWs4vwOSKEbGdUwuELM6DFZpaR/BMxEzV6N5L9ISjCg8ks9AZuHZtYFQLCXuY01KrCvQ==",
      "requires": {
        "babel-helper-regex": "7.0.0-beta.2",
        "babel-types": "7.0.0-beta.2"
      }
    },
    "babel-plugin-transform-es2015-template-literals": {
      "version": "7.0.0-beta.2",
      "resolved": "https://registry.npmjs.org/babel-plugin-transform-es2015-template-literals/-/babel-plugin-transform-es2015-template-literals-7.0.0-beta.2.tgz",
      "integrity": "sha512-OXtZXY3/JwgCxxMn0QZgQ3QO5PvtdshGA23lqP4KG2bDjoSp2EcIRk9WatU2fSwu/wSkTmLitHcEudxblIRjZQ=="
    },
    "babel-plugin-transform-es2015-typeof-symbol": {
      "version": "7.0.0-beta.2",
      "resolved": "https://registry.npmjs.org/babel-plugin-transform-es2015-typeof-symbol/-/babel-plugin-transform-es2015-typeof-symbol-7.0.0-beta.2.tgz",
      "integrity": "sha512-nhOew+tjjTVpjPfa0/JAH7aVpI5p+WIEIxBKWHb700Ij43Cs4Fb0Hb/F6zjpfyZUe/nsWF3w+13t8rDdfd72ng=="
    },
    "babel-plugin-transform-es2015-unicode-regex": {
      "version": "7.0.0-beta.2",
      "resolved": "https://registry.npmjs.org/babel-plugin-transform-es2015-unicode-regex/-/babel-plugin-transform-es2015-unicode-regex-7.0.0-beta.2.tgz",
      "integrity": "sha512-9bViLtTR6Zzr2hDoi1IfY/twdMVXIAbKpjU8WQVzig5CiuWT9I37tm5m7Tbc1sSpNzrfr7u9E2khaPP2rMWYhA==",
      "requires": {
        "babel-helper-regex": "7.0.0-beta.2",
        "regexpu-core": "4.1.3"
      }
    },
    "babel-plugin-transform-es3-property-literals": {
      "version": "7.0.0-beta.2",
      "resolved": "https://registry.npmjs.org/babel-plugin-transform-es3-property-literals/-/babel-plugin-transform-es3-property-literals-7.0.0-beta.2.tgz",
      "integrity": "sha512-N3h7YGam250AiFZIa1Gtdv/UUYpXe95BSA70EWaU7OP+X5wNfMYG2BVJzcO/xXlxHy4OQYyVWGWWFXTCCuL3cw=="
    },
    "babel-plugin-transform-flow-strip-types": {
      "version": "7.0.0-beta.2",
      "resolved": "https://registry.npmjs.org/babel-plugin-transform-flow-strip-types/-/babel-plugin-transform-flow-strip-types-7.0.0-beta.2.tgz",
      "integrity": "sha512-y9L9WIPU9pcPUd5OaYtievgWwabY0whlVPiV7qlB8lNG2gMZXMobAdtVNTkcPq7RTPHiqC3wKIBh5L5P40ngIg==",
      "requires": {
        "babel-plugin-syntax-flow": "7.0.0-beta.2"
      }
    },
    "babel-plugin-transform-object-rest-spread": {
      "version": "7.0.0-beta.2",
      "resolved": "https://registry.npmjs.org/babel-plugin-transform-object-rest-spread/-/babel-plugin-transform-object-rest-spread-7.0.0-beta.2.tgz",
      "integrity": "sha512-nX6PUh9W0K31C5I30TMBj12C2Fr5E/TiCoprkdDobz34PA9qUf6W0X8r/A75ca+e0OXAZKHr8GSqEqNEX80NXw==",
      "requires": {
        "babel-plugin-syntax-object-rest-spread": "7.0.0-beta.2"
      }
    },
    "babel-plugin-transform-regenerator": {
      "version": "7.0.0-beta.2",
      "resolved": "https://registry.npmjs.org/babel-plugin-transform-regenerator/-/babel-plugin-transform-regenerator-7.0.0-beta.2.tgz",
      "integrity": "sha512-NgyCiMG+af67Rz2pG717QSn/9nxsWqjZ6XUsC1iwCkYLMGKXF+gnyO7vPqEuHzQ3DO82HJ3+AKIu+waJcWojeQ==",
      "requires": {
        "regenerator-transform": "0.10.0"
      }
    },
    "babel-runtime": {
      "version": "6.26.0",
      "resolved": "https://registry.npmjs.org/babel-runtime/-/babel-runtime-6.26.0.tgz",
      "integrity": "sha1-llxwWGaOgrVde/4E/yM3vItWR/4=",
      "requires": {
        "core-js": "2.5.1",
        "regenerator-runtime": "0.11.0"
      }
    },
    "babel-template": {
      "version": "7.0.0-beta.2",
      "resolved": "https://registry.npmjs.org/babel-template/-/babel-template-7.0.0-beta.2.tgz",
      "integrity": "sha512-2Ez5h/VrTqR0cAx+7EyPOTb19vvh+KaEHoolWxT7T4mWLtkxGAt+rJlQl8LFJVkNXSgpNeiMV8t6L5QuRPo94g==",
      "requires": {
        "babel-traverse": "7.0.0-beta.2",
        "babel-types": "7.0.0-beta.2",
        "babylon": "7.0.0-beta.25",
        "lodash": "4.17.4"
      }
    },
    "babel-traverse": {
      "version": "7.0.0-beta.2",
      "resolved": "https://registry.npmjs.org/babel-traverse/-/babel-traverse-7.0.0-beta.2.tgz",
      "integrity": "sha512-kFgrI9e0DTyGutb1OtTKltpPYWEngVGKzXokcOdzl2+++k14doLgquUMxjHrzQ+2Ymc1Q3qggY2yUwxuo8AZjA==",
      "requires": {
        "babel-code-frame": "7.0.0-beta.2",
        "babel-helper-function-name": "7.0.0-beta.2",
        "babel-messages": "7.0.0-beta.2",
        "babel-types": "7.0.0-beta.2",
        "babylon": "7.0.0-beta.25",
        "debug": "3.0.1",
        "globals": "10.1.0",
        "invariant": "2.2.2",
        "lodash": "4.17.4"
      }
    },
    "babel-types": {
      "version": "7.0.0-beta.2",
      "resolved": "https://registry.npmjs.org/babel-types/-/babel-types-7.0.0-beta.2.tgz",
      "integrity": "sha512-qtKTvjA7aL2AeET7eLDL+XfttPsAgcm00sCB5fKeWfB8n+fXX03Vsv76sRFHIkwDEeVXuKPIsooD/DpDs7YZzw==",
      "requires": {
        "esutils": "2.0.2",
        "lodash": "4.17.4",
        "to-fast-properties": "2.0.0"
      }
    },
    "babylon": {
      "version": "7.0.0-beta.25",
      "resolved": "https://registry.npmjs.org/babylon/-/babylon-7.0.0-beta.25.tgz",
      "integrity": "sha512-5x5pNe4g8rt+DCarbCaj2CO68YS6aS26zKAmBE2bFo+ckhyoCWMDlPm/CrQzwQgwa4dLKa2TXPZsAnWYABQl/w=="
    },
    "chalk": {
      "version": "2.1.0",
      "resolved": "https://registry.npmjs.org/chalk/-/chalk-2.1.0.tgz",
      "integrity": "sha512-LUHGS/dge4ujbXMJrnihYMcL4AoOweGnw9Tp3kQuqy1Kx5c1qKjqvMJZ6nVJPMWJtKCTN72ZogH3oeSO9g9rXQ==",
      "requires": {
        "ansi-styles": "3.2.0",
        "escape-string-regexp": "1.0.5",
        "supports-color": "4.4.0"
      }
    },
    "color-convert": {
      "version": "1.9.0",
      "resolved": "https://registry.npmjs.org/color-convert/-/color-convert-1.9.0.tgz",
      "integrity": "sha1-Gsz5fdc5uYO/mU1W/sj5WFNkG3o=",
      "requires": {
        "color-name": "1.1.3"
      }
    },
    "color-name": {
      "version": "1.1.3",
      "resolved": "https://registry.npmjs.org/color-name/-/color-name-1.1.3.tgz",
      "integrity": "sha1-p9BVi9icQveV3UIyj3QIMcpTvCU="
    },
    "core-js": {
      "version": "2.5.1",
      "resolved": "https://registry.npmjs.org/core-js/-/core-js-2.5.1.tgz",
      "integrity": "sha1-rmh03GaTd4m4B1T/VCjfZoGcpQs="
    },
    "debug": {
      "version": "3.0.1",
      "resolved": "https://registry.npmjs.org/debug/-/debug-3.0.1.tgz",
      "integrity": "sha512-6nVc6S36qbt/mutyt+UGMnawAMrPDZUPQjRZI3FS9tCtDRhvxJbK79unYBLPi+z5SLXQ3ftoVBFCblQtNSls8w==",
      "requires": {
        "ms": "2.0.0"
      }
    },
    "escape-string-regexp": {
      "version": "1.0.5",
      "resolved": "https://registry.npmjs.org/escape-string-regexp/-/escape-string-regexp-1.0.5.tgz",
      "integrity": "sha1-G2HAViGQqN/2rjuyzwIAyhMLhtQ="
    },
    "esutils": {
      "version": "2.0.2",
      "resolved": "https://registry.npmjs.org/esutils/-/esutils-2.0.2.tgz",
      "integrity": "sha1-Cr9PHKpbyx96nYrMbepPqqBLrJs="
    },
    "globals": {
      "version": "10.1.0",
      "resolved": "https://registry.npmjs.org/globals/-/globals-10.1.0.tgz",
      "integrity": "sha1-RCWhiBvg0za0qCOoKnvnJdXdmHw="
    },
    "has-flag": {
      "version": "2.0.0",
      "resolved": "https://registry.npmjs.org/has-flag/-/has-flag-2.0.0.tgz",
      "integrity": "sha1-6CB68cx7MNRGzHC3NLXovhj4jVE="
    },
    "invariant": {
      "version": "2.2.2",
      "resolved": "https://registry.npmjs.org/invariant/-/invariant-2.2.2.tgz",
      "integrity": "sha1-nh9WrArNtr8wMwbzOL47IErmA2A=",
      "requires": {
        "loose-envify": "1.3.1"
      }
    },
    "js-tokens": {
      "version": "3.0.2",
      "resolved": "https://registry.npmjs.org/js-tokens/-/js-tokens-3.0.2.tgz",
      "integrity": "sha1-mGbfOVECEw449/mWvOtlRDIJwls="
    },
    "jsesc": {
      "version": "0.5.0",
      "resolved": "https://registry.npmjs.org/jsesc/-/jsesc-0.5.0.tgz",
      "integrity": "sha1-597mbjXW/Bb3EP6R1c9p9w8IkR0="
    },
    "lodash": {
      "version": "4.17.4",
      "resolved": "https://registry.npmjs.org/lodash/-/lodash-4.17.4.tgz",
      "integrity": "sha1-eCA6TRwyiuHYbcpkYONptX9AVa4="
    },
    "loose-envify": {
      "version": "1.3.1",
      "resolved": "https://registry.npmjs.org/loose-envify/-/loose-envify-1.3.1.tgz",
      "integrity": "sha1-0aitM/qc4OcT1l/dCsi3SNR4yEg=",
      "requires": {
        "js-tokens": "3.0.2"
      }
    },
    "ms": {
      "version": "2.0.0",
      "resolved": "https://registry.npmjs.org/ms/-/ms-2.0.0.tgz",
      "integrity": "sha1-VgiurfwAvmwpAd9fmGF4jeDVl8g="
    },
    "private": {
      "version": "0.1.7",
      "resolved": "https://registry.npmjs.org/private/-/private-0.1.7.tgz",
      "integrity": "sha1-aM5eih7woju1cMwoU3tTMqumPvE="
    },
    "regenerate": {
      "version": "1.3.3",
      "resolved": "https://registry.npmjs.org/regenerate/-/regenerate-1.3.3.tgz",
      "integrity": "sha512-jVpo1GadrDAK59t/0jRx5VxYWQEDkkEKi6+HjE3joFVLfDOh9Xrdh0dF1eSq+BI/SwvTQ44gSscJ8N5zYL61sg=="
    },
    "regenerate-unicode-properties": {
      "version": "5.1.1",
      "resolved": "https://registry.npmjs.org/regenerate-unicode-properties/-/regenerate-unicode-properties-5.1.1.tgz",
      "integrity": "sha512-oaZXgyhHR9VYnYFzPRdO+k7tHaUXO5jPqfFYnaC5kIW9NQ0kVwb5rt8x5CEC0LCZ7WRIUy7zIrCF7R2xIbjiRA==",
      "requires": {
        "regenerate": "1.3.3"
      }
    },
    "regenerator-runtime": {
      "version": "0.11.0",
      "resolved": "https://registry.npmjs.org/regenerator-runtime/-/regenerator-runtime-0.11.0.tgz",
      "integrity": "sha512-/aA0kLeRb5N9K0d4fw7ooEbI+xDe+DKD499EQqygGqeS8N3xto15p09uY2xj7ixP81sNPXvRLnAQIqdVStgb1A=="
    },
    "regenerator-transform": {
      "version": "0.10.0",
      "resolved": "https://registry.npmjs.org/regenerator-transform/-/regenerator-transform-0.10.0.tgz",
      "integrity": "sha512-0oMTqaJuM3Q6RWqts6U0/ijW3xcnY8d/KimL3IkQW1zib1gmSb1lKoFKNF+kSDmriGESlOHcwoI1XpXKNEGcLg==",
      "requires": {
        "babel-runtime": "6.26.0",
        "babel-types": "6.26.0",
        "private": "0.1.7"
      },
      "dependencies": {
        "babel-types": {
          "version": "6.26.0",
          "resolved": "https://registry.npmjs.org/babel-types/-/babel-types-6.26.0.tgz",
          "integrity": "sha1-o7Bz+Uq0nrb6Vc1lInozQ4BjJJc=",
          "requires": {
            "babel-runtime": "6.26.0",
            "esutils": "2.0.2",
            "lodash": "4.17.4",
            "to-fast-properties": "1.0.3"
          }
        },
        "to-fast-properties": {
          "version": "1.0.3",
          "resolved": "https://registry.npmjs.org/to-fast-properties/-/to-fast-properties-1.0.3.tgz",
          "integrity": "sha1-uDVx+k2MJbguIxsG46MFXeTKGkc="
        }
      }
    },
    "regexpu-core": {
      "version": "4.1.3",
      "resolved": "https://registry.npmjs.org/regexpu-core/-/regexpu-core-4.1.3.tgz",
      "integrity": "sha512-mB+njEzO7oezA57IbQxxd6fVPOeWKDmnGvJ485CwmfNchjHe5jWwqKepapmzUEj41yxIAqOg+C4LbXuJlkiO8A==",
      "requires": {
        "regenerate": "1.3.3",
        "regenerate-unicode-properties": "5.1.1",
        "regjsgen": "0.3.0",
        "regjsparser": "0.2.1",
        "unicode-match-property-ecmascript": "1.0.3",
        "unicode-match-property-value-ecmascript": "1.0.1"
      }
    },
    "regjsgen": {
      "version": "0.3.0",
      "resolved": "https://registry.npmjs.org/regjsgen/-/regjsgen-0.3.0.tgz",
      "integrity": "sha1-DuSj6SdkMM2iXx54nqbBW4ewy0M="
    },
    "regjsparser": {
      "version": "0.2.1",
      "resolved": "https://registry.npmjs.org/regjsparser/-/regjsparser-0.2.1.tgz",
      "integrity": "sha1-w3h1U/rwTndcMCEC7zRtmVAA7Bw=",
      "requires": {
        "jsesc": "0.5.0"
      }
    },
    "supports-color": {
      "version": "4.4.0",
      "resolved": "https://registry.npmjs.org/supports-color/-/supports-color-4.4.0.tgz",
      "integrity": "sha512-rKC3+DyXWgK0ZLKwmRsrkyHVZAjNkfzeehuFWdGGcqGDTZFH73+RH6S/RDAAxl9GusSjZSUWYLmT9N5pzXFOXQ==",
      "requires": {
        "has-flag": "2.0.0"
      }
    },
    "to-fast-properties": {
      "version": "2.0.0",
      "resolved": "https://registry.npmjs.org/to-fast-properties/-/to-fast-properties-2.0.0.tgz",
      "integrity": "sha1-3F5pjL0HkmW8c+A3doGk5Og/YW4="
    },
    "unicode-canonical-property-names-ecmascript": {
      "version": "1.0.2",
      "resolved": "https://registry.npmjs.org/unicode-canonical-property-names-ecmascript/-/unicode-canonical-property-names-ecmascript-1.0.2.tgz",
      "integrity": "sha512-tIHxB3DR9aS8uArhzIja8y0LQDvWx7DZIRkHJtLPnM29x/m0sNiMF9FYsxIASpkj85qfBvMWBsFURZoHIX6ceA=="
    },
    "unicode-match-property-ecmascript": {
      "version": "1.0.3",
      "resolved": "https://registry.npmjs.org/unicode-match-property-ecmascript/-/unicode-match-property-ecmascript-1.0.3.tgz",
      "integrity": "sha512-nFcaBFcr08UQNF15ZgI5ISh3yUnQm7SJRRxwYrL5VYX46pS+6Q7TCTv4zbK+j6/l7rQt0mMiTL2zpmeygny6rA==",
      "requires": {
        "unicode-canonical-property-names-ecmascript": "1.0.2",
        "unicode-property-aliases-ecmascript": "1.0.3"
      }
    },
    "unicode-match-property-value-ecmascript": {
      "version": "1.0.1",
      "resolved": "https://registry.npmjs.org/unicode-match-property-value-ecmascript/-/unicode-match-property-value-ecmascript-1.0.1.tgz",
      "integrity": "sha512-lM8B0FDZQh9yYGgiabRQcyWicB27VLOolSBRIxsO7FeQPtg+79Oe7sC8Mzr8BObDs+G9CeYmC/shHo6OggNEog=="
    },
    "unicode-property-aliases-ecmascript": {
      "version": "1.0.3",
      "resolved": "https://registry.npmjs.org/unicode-property-aliases-ecmascript/-/unicode-property-aliases-ecmascript-1.0.3.tgz",
      "integrity": "sha512-TdDmDOTxEf2ad1g3ZBpM6cqKIb2nJpVlz1Q++casDryKz18tpeMBhSng9hjC1CTQCkOV9Rw2knlSB6iRo7ad1w=="
    }
  }
}
