{
  "name": "babel-preset-meteor",
  "version": "7.0.0-beta.55",
  "lockfileVersion": 1,
  "requires": true,
  "dependencies": {
    "@babel/code-frame": {
      "version": "7.0.0-beta.56",
      "resolved": "https://registry.npmjs.org/@babel/code-frame/-/code-frame-7.0.0-beta.56.tgz",
      "integrity": "sha512-OBeGs8UXWpKl0oK2T5nUXNl2yu8RKxqL/7aUnMtKDXCU6VUrNP3npdrPivBA11HPB15TVI49nWf2lntTzoUuAg==",
      "requires": {
        "@babel/highlight": "7.0.0-beta.56"
      }
    },
    "@babel/core": {
      "version": "7.0.0-beta.56",
      "resolved": "https://registry.npmjs.org/@babel/core/-/core-7.0.0-beta.56.tgz",
      "integrity": "sha512-IsytpdHZqo5pgJj4FTcpEMKmfXK9TdvThLZo4yUOjbuVZCy8NAwoeBnojvKCNf+139L7xNIIosp3RVA0cMkbOg==",
      "dev": true,
      "requires": {
        "@babel/code-frame": "7.0.0-beta.56",
        "@babel/generator": "7.0.0-beta.56",
        "@babel/helpers": "7.0.0-beta.56",
        "@babel/parser": "7.0.0-beta.56",
        "@babel/template": "7.0.0-beta.56",
        "@babel/traverse": "7.0.0-beta.56",
        "@babel/types": "7.0.0-beta.56",
        "convert-source-map": "^1.1.0",
        "debug": "^3.1.0",
        "json5": "^0.5.0",
        "lodash": "^4.17.10",
        "resolve": "^1.3.2",
        "semver": "^5.4.1",
        "source-map": "^0.5.0"
      }
    },
    "@babel/generator": {
      "version": "7.0.0-beta.56",
      "resolved": "https://registry.npmjs.org/@babel/generator/-/generator-7.0.0-beta.56.tgz",
      "integrity": "sha512-d+Ls/Vr5OU5FBDYQToXSqAluI3r2UaSoNZ41zD3sxdoVoaT8K5Bdh4So4eG4o//INGM7actValXGfb+5J1+r8w==",
      "requires": {
        "@babel/types": "7.0.0-beta.56",
        "jsesc": "^2.5.1",
        "lodash": "^4.17.10",
        "source-map": "^0.5.0",
        "trim-right": "^1.0.1"
      }
    },
    "@babel/helper-annotate-as-pure": {
      "version": "7.0.0-beta.56",
      "resolved": "https://registry.npmjs.org/@babel/helper-annotate-as-pure/-/helper-annotate-as-pure-7.0.0-beta.56.tgz",
      "integrity": "sha512-PaHQ8R489lwBZYz/F81YpKDurIQfKWliNIpHZAysYbnozq8hVyaUx8D5wW6Dplf0lUUQ8Y/I3YKtiNoyg7bLHA==",
      "requires": {
        "@babel/types": "7.0.0-beta.56"
      }
    },
    "@babel/helper-builder-binary-assignment-operator-visitor": {
      "version": "7.0.0-beta.56",
      "resolved": "https://registry.npmjs.org/@babel/helper-builder-binary-assignment-operator-visitor/-/helper-builder-binary-assignment-operator-visitor-7.0.0-beta.56.tgz",
      "integrity": "sha512-ka5Fe6UB/jRtCWU/emg6fLKqttaVaBCF1zdT06PYs7w8hJPidCcfdVMBoDHfqL3pgLo+hp+LW4Q/99zw/zv0Sw==",
      "requires": {
        "@babel/helper-explode-assignable-expression": "7.0.0-beta.56",
        "@babel/types": "7.0.0-beta.56"
      }
    },
    "@babel/helper-call-delegate": {
      "version": "7.0.0-beta.56",
      "resolved": "https://registry.npmjs.org/@babel/helper-call-delegate/-/helper-call-delegate-7.0.0-beta.56.tgz",
      "integrity": "sha512-XOv0taD7Elw0CSorktXbbCzdPgH4dZOb8yObk5deEhDbWgJhdwIvd5z8rQpDu712oqDhXm7Z3v+upFsOCg2+nQ==",
      "requires": {
        "@babel/helper-hoist-variables": "7.0.0-beta.56",
        "@babel/traverse": "7.0.0-beta.56",
        "@babel/types": "7.0.0-beta.56"
      }
    },
    "@babel/helper-define-map": {
      "version": "7.0.0-beta.56",
      "resolved": "https://registry.npmjs.org/@babel/helper-define-map/-/helper-define-map-7.0.0-beta.56.tgz",
      "integrity": "sha512-6hWVBpEyeRqvX3cKU7GVjdiYk9SvucpScTwdNpuSvsX8lX1MzuLQ7n9FNrHMU6+ulVNkZV81E7WdABYgXyIfuw==",
      "requires": {
        "@babel/helper-function-name": "7.0.0-beta.56",
        "@babel/types": "7.0.0-beta.56",
        "lodash": "^4.17.10"
      }
    },
    "@babel/helper-explode-assignable-expression": {
      "version": "7.0.0-beta.56",
      "resolved": "https://registry.npmjs.org/@babel/helper-explode-assignable-expression/-/helper-explode-assignable-expression-7.0.0-beta.56.tgz",
      "integrity": "sha512-Y3a7HLnwLJEiKe4+XB2AEo6QiCnFsa0ycqg6HBp0lyw4HztSTGt3oyZYO8I5ZhtVCKi/EJXSQuKHLOV98jG/+A==",
      "requires": {
        "@babel/traverse": "7.0.0-beta.56",
        "@babel/types": "7.0.0-beta.56"
      }
    },
    "@babel/helper-function-name": {
      "version": "7.0.0-beta.56",
      "resolved": "https://registry.npmjs.org/@babel/helper-function-name/-/helper-function-name-7.0.0-beta.56.tgz",
      "integrity": "sha512-Lq4nPOt1j3sUq+1GVrw57dKq6wBKAHplGjYzEG8dkytqo93i6uSKKKg3smYXx2qohEVD5ciAyJjgRJq7RQu4Lg==",
      "requires": {
        "@babel/helper-get-function-arity": "7.0.0-beta.56",
        "@babel/template": "7.0.0-beta.56",
        "@babel/types": "7.0.0-beta.56"
      }
    },
    "@babel/helper-get-function-arity": {
      "version": "7.0.0-beta.56",
      "resolved": "https://registry.npmjs.org/@babel/helper-get-function-arity/-/helper-get-function-arity-7.0.0-beta.56.tgz",
      "integrity": "sha512-QU9EVlnDGTzBasgrdo/I4+RzZS7oqzz9YcetpYko3bp+VsRGokqsAQl3gIvxWTtxwibwboDEdBx+fGArtb2fhw==",
      "requires": {
        "@babel/types": "7.0.0-beta.56"
      }
    },
    "@babel/helper-hoist-variables": {
      "version": "7.0.0-beta.56",
      "resolved": "https://registry.npmjs.org/@babel/helper-hoist-variables/-/helper-hoist-variables-7.0.0-beta.56.tgz",
      "integrity": "sha512-PTBa6UfiM7MgeTXOlNjCDiiqtOhqWraHM2GGsZg1M8VkuZRjP1Kag9JNmoppUlsZE5LY3NE+BjJuQ1/mLgcIug==",
      "requires": {
        "@babel/types": "7.0.0-beta.56"
      }
    },
    "@babel/helper-member-expression-to-functions": {
      "version": "7.0.0-beta.56",
      "resolved": "https://registry.npmjs.org/@babel/helper-member-expression-to-functions/-/helper-member-expression-to-functions-7.0.0-beta.56.tgz",
      "integrity": "sha512-/TrmPCG1XIENakzenEyiNsbIBSTm10DNWyB/cyKwVljzA18gMivn9YxSMxVAuaC1KyTTmhkeUYibSMF7yF13xw==",
      "requires": {
        "@babel/types": "7.0.0-beta.56"
      }
    },
    "@babel/helper-module-imports": {
      "version": "7.0.0-beta.56",
      "resolved": "https://registry.npmjs.org/@babel/helper-module-imports/-/helper-module-imports-7.0.0-beta.56.tgz",
      "integrity": "sha512-iVWFscU+yIu6DIo5IWkMgVXd74/d3z/ZomwF/QJNGFwFP/lNA282rpjsky56fSxS7oT7wAlXoYoHVCOOaL7tbg==",
      "requires": {
        "@babel/types": "7.0.0-beta.56",
        "lodash": "^4.17.10"
      }
    },
    "@babel/helper-optimise-call-expression": {
      "version": "7.0.0-beta.56",
      "resolved": "https://registry.npmjs.org/@babel/helper-optimise-call-expression/-/helper-optimise-call-expression-7.0.0-beta.56.tgz",
      "integrity": "sha512-T+eZePA6kM+3wHXDPKKFZGHtMJGfK2/xmdk9pVjFHppdg4zwEqGaqLQaOlqfk5ekx2vxO22tmL4Caf2A/MVm0w==",
      "requires": {
        "@babel/types": "7.0.0-beta.56"
      }
    },
    "@babel/helper-plugin-utils": {
      "version": "7.0.0-beta.56",
      "resolved": "https://registry.npmjs.org/@babel/helper-plugin-utils/-/helper-plugin-utils-7.0.0-beta.56.tgz",
      "integrity": "sha512-6IlFMU13X7gwnnMldDHwfc7IqngqCH/KfiU7I+GdNoZPnddmjghc87E/zKHaJpWdX1VvXCCelp2EnKq0rgBQ8w=="
    },
    "@babel/helper-regex": {
      "version": "7.0.0-beta.56",
      "resolved": "https://registry.npmjs.org/@babel/helper-regex/-/helper-regex-7.0.0-beta.56.tgz",
      "integrity": "sha512-wtb8bmlc5TF7W7KMd5muS+CVQQu7cNGTdPbI5+8x5w36bN8ytbkun5160hJ2S1r3Tti0FPnrYwz+9W5AGj+d9g==",
      "requires": {
        "lodash": "^4.17.10"
      }
    },
    "@babel/helper-remap-async-to-generator": {
      "version": "7.0.0-beta.56",
      "resolved": "https://registry.npmjs.org/@babel/helper-remap-async-to-generator/-/helper-remap-async-to-generator-7.0.0-beta.56.tgz",
      "integrity": "sha512-uCvdjXeEh/qzvhK61XLP5DADCM0MMxZOVdGIj5In/i9MLt9BD/EAyBmjZN0bc1dD1wJst0qInZyZju0lUUkvNQ==",
      "requires": {
        "@babel/helper-annotate-as-pure": "7.0.0-beta.56",
        "@babel/helper-wrap-function": "7.0.0-beta.56",
        "@babel/template": "7.0.0-beta.56",
        "@babel/traverse": "7.0.0-beta.56",
        "@babel/types": "7.0.0-beta.56"
      }
    },
    "@babel/helper-replace-supers": {
      "version": "7.0.0-beta.56",
      "resolved": "https://registry.npmjs.org/@babel/helper-replace-supers/-/helper-replace-supers-7.0.0-beta.56.tgz",
      "integrity": "sha512-Pv0a8XYWeYLMgzx6BiKYMkBPW7ilDeKmKnPfMD+sCsTRDMZl9DssqnkkSwGxgAeuPwZ9opx18r5EzYPTgt0k4A==",
      "requires": {
        "@babel/helper-member-expression-to-functions": "7.0.0-beta.56",
        "@babel/helper-optimise-call-expression": "7.0.0-beta.56",
        "@babel/traverse": "7.0.0-beta.56",
        "@babel/types": "7.0.0-beta.56"
      }
    },
    "@babel/helper-split-export-declaration": {
      "version": "7.0.0-beta.56",
      "resolved": "https://registry.npmjs.org/@babel/helper-split-export-declaration/-/helper-split-export-declaration-7.0.0-beta.56.tgz",
      "integrity": "sha512-j886mQJQg5HDF7X0qK/AfNdrpIYUcJHxRKwBJ9dUvhpO3eFqsTLbJJpitgLaJQjh9D7Db5Aiq8MRghj3+MH57g==",
      "requires": {
        "@babel/types": "7.0.0-beta.56"
      }
    },
    "@babel/helper-wrap-function": {
      "version": "7.0.0-beta.56",
      "resolved": "https://registry.npmjs.org/@babel/helper-wrap-function/-/helper-wrap-function-7.0.0-beta.56.tgz",
      "integrity": "sha512-WuGMzbpx12M40aHtocM0vs9af/LmdwpXsKBX2T2GqCMueD90MHvQU+148vHScgPbUoWP4lv+dFGZDf0XUc2qJA==",
      "requires": {
        "@babel/helper-function-name": "7.0.0-beta.56",
        "@babel/template": "7.0.0-beta.56",
        "@babel/traverse": "7.0.0-beta.56",
        "@babel/types": "7.0.0-beta.56"
      }
    },
    "@babel/helpers": {
      "version": "7.0.0-beta.56",
      "resolved": "https://registry.npmjs.org/@babel/helpers/-/helpers-7.0.0-beta.56.tgz",
      "integrity": "sha512-KaNBuVlAGW6sFCEWjliN29dL8K4L/ff8ZUaR/D5ou/JsqOuxLRy34Rf8WXMru3Et2g4Czly6vJeSmaYyf3s0lA==",
      "dev": true,
      "requires": {
        "@babel/template": "7.0.0-beta.56",
        "@babel/traverse": "7.0.0-beta.56",
        "@babel/types": "7.0.0-beta.56"
      }
    },
    "@babel/highlight": {
      "version": "7.0.0-beta.56",
      "resolved": "https://registry.npmjs.org/@babel/highlight/-/highlight-7.0.0-beta.56.tgz",
      "integrity": "sha512-q4TfI+jJISul6vVpZJktzH4tupwRiVk6KXRhB8PHqJ7erl966I6ePDXl9mAbE8jMM7YswhnnB0j1SYP7LBVyhg==",
      "requires": {
        "chalk": "^2.0.0",
        "esutils": "^2.0.2",
        "js-tokens": "^3.0.0"
      }
    },
    "@babel/parser": {
      "version": "7.0.0-beta.56",
      "resolved": "https://registry.npmjs.org/@babel/parser/-/parser-7.0.0-beta.56.tgz",
      "integrity": "sha512-JM0ughhbo+sPXw2Z+SUyowfYrAOhjanzjMshcLswBdXVelJCOeEKe/FqMqPWGVPQr7wByongXIn+MKdCpY7DBw=="
    },
    "@babel/plugin-proposal-async-generator-functions": {
      "version": "7.0.0-beta.56",
      "resolved": "https://registry.npmjs.org/@babel/plugin-proposal-async-generator-functions/-/plugin-proposal-async-generator-functions-7.0.0-beta.56.tgz",
      "integrity": "sha512-2amegw5EfeOJO5un5+A5cZ7cELUKf7fUzdryFdkg3ciGyNA+ISK9x4B57N8Jb5gWXch1xNsOV7tJuaaWeqbJ3g==",
      "requires": {
        "@babel/helper-plugin-utils": "7.0.0-beta.56",
        "@babel/helper-remap-async-to-generator": "7.0.0-beta.56",
        "@babel/plugin-syntax-async-generators": "7.0.0-beta.56"
      }
    },
    "@babel/plugin-proposal-object-rest-spread": {
      "version": "7.0.0-beta.56",
      "resolved": "https://registry.npmjs.org/@babel/plugin-proposal-object-rest-spread/-/plugin-proposal-object-rest-spread-7.0.0-beta.56.tgz",
      "integrity": "sha512-onVk2kI39dzkDP+SzX6eC3nAkq5yemiiZX+AuXAmshOyuz+ZYUu5b+zzXKw0oPFTSnMnlIfJItQCcVzesXcU6A==",
      "requires": {
        "@babel/helper-plugin-utils": "7.0.0-beta.56",
        "@babel/plugin-syntax-object-rest-spread": "7.0.0-beta.56"
      }
    },
    "@babel/plugin-syntax-async-generators": {
      "version": "7.0.0-beta.56",
      "resolved": "https://registry.npmjs.org/@babel/plugin-syntax-async-generators/-/plugin-syntax-async-generators-7.0.0-beta.56.tgz",
      "integrity": "sha512-tC8sGd1RridRn0147GUh2rF1WB+8FnP0siTD0ofuqLYJEbOTYn9NF0WD4DNzwwHwOZMBxgHFy8N/B1sNmEC8SQ==",
      "requires": {
        "@babel/helper-plugin-utils": "7.0.0-beta.56"
      }
    },
    "@babel/plugin-syntax-flow": {
      "version": "7.0.0-beta.56",
      "resolved": "https://registry.npmjs.org/@babel/plugin-syntax-flow/-/plugin-syntax-flow-7.0.0-beta.56.tgz",
      "integrity": "sha512-sH0bkRcCdcLDpDq7Xl1oWOoVXD2/Ad2P0190s/3Mjd+zO+kkW/6znbD6PuFwIsKDTJo9KiIZZHLBopAbdXlXcQ==",
      "requires": {
        "@babel/helper-plugin-utils": "7.0.0-beta.56"
      }
    },
    "@babel/plugin-syntax-object-rest-spread": {
      "version": "7.0.0-beta.56",
      "resolved": "https://registry.npmjs.org/@babel/plugin-syntax-object-rest-spread/-/plugin-syntax-object-rest-spread-7.0.0-beta.56.tgz",
      "integrity": "sha512-rDqe3TN5cZaUg4zi3Kzfq5qySS6IcEs19WE7GHlmelgQ1QXy9d/tsPEAWHZTLrG4mjbbEFJZdLvAi+LSGdhJAQ==",
      "requires": {
        "@babel/helper-plugin-utils": "7.0.0-beta.56"
      }
    },
    "@babel/plugin-transform-arrow-functions": {
      "version": "7.0.0-beta.56",
      "resolved": "https://registry.npmjs.org/@babel/plugin-transform-arrow-functions/-/plugin-transform-arrow-functions-7.0.0-beta.56.tgz",
      "integrity": "sha512-TkpqdTt8ivvNBoawwxwFJSHRAQAWvWRuMyQIJfdrmSGdHVaEJ8xn1MkYuORMOogtpsG+ZncmGRAyCEQeMFBPsA==",
      "requires": {
        "@babel/helper-plugin-utils": "7.0.0-beta.56"
      }
    },
    "@babel/plugin-transform-async-to-generator": {
      "version": "7.0.0-beta.56",
      "resolved": "https://registry.npmjs.org/@babel/plugin-transform-async-to-generator/-/plugin-transform-async-to-generator-7.0.0-beta.56.tgz",
      "integrity": "sha512-n34TSk3nFLCnsuC5f2PSb+jdOVXv1UzENnGN/Xu9/epSFVVNLfNR2td0Gx0Rh4CjIef5JZ0tFounyPWWMSh/0Q==",
      "requires": {
        "@babel/helper-module-imports": "7.0.0-beta.56",
        "@babel/helper-plugin-utils": "7.0.0-beta.56",
        "@babel/helper-remap-async-to-generator": "7.0.0-beta.56"
      }
    },
    "@babel/plugin-transform-block-scoped-functions": {
      "version": "7.0.0-beta.56",
      "resolved": "https://registry.npmjs.org/@babel/plugin-transform-block-scoped-functions/-/plugin-transform-block-scoped-functions-7.0.0-beta.56.tgz",
      "integrity": "sha512-rgabVaR9M5c7xyuWFMyPN8vT8QkncF9skgA2/O6seiGX8mgl/WjDMkWi2Sm9PFdPc7WEryKh8Rlu/tgupulwSA==",
      "requires": {
        "@babel/helper-plugin-utils": "7.0.0-beta.56"
      }
    },
    "@babel/plugin-transform-block-scoping": {
      "version": "7.0.0-beta.56",
      "resolved": "https://registry.npmjs.org/@babel/plugin-transform-block-scoping/-/plugin-transform-block-scoping-7.0.0-beta.56.tgz",
      "integrity": "sha512-hqeciuZPUfsZIhJ6MaB68U3+G5eS12ahidn98oUxyOl+BnS/aN9EhSt877mJPlEBe3oQy35qNwg/HG3rq33O2A==",
      "requires": {
        "@babel/helper-plugin-utils": "7.0.0-beta.56",
        "lodash": "^4.17.10"
      }
    },
    "@babel/plugin-transform-classes": {
      "version": "7.0.0-beta.56",
      "resolved": "https://registry.npmjs.org/@babel/plugin-transform-classes/-/plugin-transform-classes-7.0.0-beta.56.tgz",
      "integrity": "sha512-uq0Nvjlkt5gpF+dlvJ1yOZu8liBfOp3QoA/hrP7LZ6XzmYwZOhIUpUbouvKjgvybWiDmNDGcELeC96CL/mtV5Q==",
      "requires": {
        "@babel/helper-annotate-as-pure": "7.0.0-beta.56",
        "@babel/helper-define-map": "7.0.0-beta.56",
        "@babel/helper-function-name": "7.0.0-beta.56",
        "@babel/helper-optimise-call-expression": "7.0.0-beta.56",
        "@babel/helper-plugin-utils": "7.0.0-beta.56",
        "@babel/helper-replace-supers": "7.0.0-beta.56",
        "@babel/helper-split-export-declaration": "7.0.0-beta.56",
        "globals": "^11.1.0"
      }
    },
    "@babel/plugin-transform-computed-properties": {
      "version": "7.0.0-beta.56",
      "resolved": "https://registry.npmjs.org/@babel/plugin-transform-computed-properties/-/plugin-transform-computed-properties-7.0.0-beta.56.tgz",
      "integrity": "sha512-U0iHc3aEhgJsW5toS4ZjwWp9bV1l+gsJAt4PI/fXA4XK0DVZEZS82Xq3ozHLp5ccWiqJCCEWYAFys2c/ZPKmjA==",
      "requires": {
        "@babel/helper-plugin-utils": "7.0.0-beta.56"
      }
    },
    "@babel/plugin-transform-destructuring": {
      "version": "7.0.0-beta.56",
      "resolved": "https://registry.npmjs.org/@babel/plugin-transform-destructuring/-/plugin-transform-destructuring-7.0.0-beta.56.tgz",
      "integrity": "sha512-6Jyis4rwPNQ9a8t1PerzymtC0qfgKlI9SOc44xaZfVo2nxzhb09nXrGsjpXywZVepDUWKHXy17XT0ouiQJmrTw==",
      "requires": {
        "@babel/helper-plugin-utils": "7.0.0-beta.56"
      }
    },
    "@babel/plugin-transform-exponentiation-operator": {
      "version": "7.0.0-beta.56",
      "resolved": "https://registry.npmjs.org/@babel/plugin-transform-exponentiation-operator/-/plugin-transform-exponentiation-operator-7.0.0-beta.56.tgz",
      "integrity": "sha512-t32wjgnTXwOMDd8cIUSpYu3k31EqrYTJsZf/Dw44RDT6EXJzeTKchMsvwd2n8vf02OzjO0a9/qXF5dKl4cK0HQ==",
      "requires": {
        "@babel/helper-builder-binary-assignment-operator-visitor": "7.0.0-beta.56",
        "@babel/helper-plugin-utils": "7.0.0-beta.56"
      }
    },
    "@babel/plugin-transform-flow-strip-types": {
      "version": "7.0.0-beta.56",
      "resolved": "https://registry.npmjs.org/@babel/plugin-transform-flow-strip-types/-/plugin-transform-flow-strip-types-7.0.0-beta.56.tgz",
      "integrity": "sha512-EYkvFGwScXjYonC1qEmR64mqIEeB+JzrYobAujBixHpk6M+LRP47o2dq0/8PC0mNRu3oBakzqgcjr2F0QGM/rw==",
      "requires": {
        "@babel/helper-plugin-utils": "7.0.0-beta.56",
        "@babel/plugin-syntax-flow": "7.0.0-beta.56"
      }
    },
    "@babel/plugin-transform-for-of": {
      "version": "7.0.0-beta.56",
      "resolved": "https://registry.npmjs.org/@babel/plugin-transform-for-of/-/plugin-transform-for-of-7.0.0-beta.56.tgz",
      "integrity": "sha512-z4sift6xY65vOpFlRyPrcKNgusCV9NZZGOR9Dxt64XUEWnyxpabHZ9mGe0B3mqJbm168cK7sbxruvnyfyrO2fg==",
      "requires": {
        "@babel/helper-plugin-utils": "7.0.0-beta.56"
      }
    },
    "@babel/plugin-transform-literals": {
      "version": "7.0.0-beta.56",
      "resolved": "https://registry.npmjs.org/@babel/plugin-transform-literals/-/plugin-transform-literals-7.0.0-beta.56.tgz",
      "integrity": "sha512-uz7Hcui2qmf1fA8pl5CsLz8KjM3HuUbEws/59G9kaMOrSIMrGSfeN1zsthfFSJDpFQLwq5NZ0+lPIvuOwE61bA==",
      "requires": {
        "@babel/helper-plugin-utils": "7.0.0-beta.56"
      }
    },
    "@babel/plugin-transform-object-super": {
      "version": "7.0.0-beta.56",
      "resolved": "https://registry.npmjs.org/@babel/plugin-transform-object-super/-/plugin-transform-object-super-7.0.0-beta.56.tgz",
      "integrity": "sha512-GB6OyxC16aIPE7lm13xfUsoP+zoqCn9PaocXzlGbQbotMoQ+qkmv3Ymq/Oy5YQl3kl5xrxX0JKNuOhYUjhG4YQ==",
      "requires": {
        "@babel/helper-plugin-utils": "7.0.0-beta.56",
        "@babel/helper-replace-supers": "7.0.0-beta.56"
      }
    },
    "@babel/plugin-transform-parameters": {
      "version": "7.0.0-beta.56",
      "resolved": "https://registry.npmjs.org/@babel/plugin-transform-parameters/-/plugin-transform-parameters-7.0.0-beta.56.tgz",
      "integrity": "sha512-zhGeuH/eY3kDVfFCWpyc1pWoIyuTZghqazsqJkUKwJMHoqVZuwEvNmpPi9Hhbn+W+LOFt8MJv5dY+kgfbMlwAQ==",
      "requires": {
        "@babel/helper-call-delegate": "7.0.0-beta.56",
        "@babel/helper-get-function-arity": "7.0.0-beta.56",
        "@babel/helper-plugin-utils": "7.0.0-beta.56"
      }
    },
    "@babel/plugin-transform-property-literals": {
      "version": "7.0.0-beta.56",
      "resolved": "https://registry.npmjs.org/@babel/plugin-transform-property-literals/-/plugin-transform-property-literals-7.0.0-beta.56.tgz",
      "integrity": "sha512-N0TAh6j6FyNHImNaEZIqRgo+vAL0CdGDeuhfPCBHJA9BUwm/7A4LMKq7JYx3JzeuqFhrNgKA3Vo4xGAGF4WnQQ==",
      "requires": {
        "@babel/helper-plugin-utils": "7.0.0-beta.56"
      }
    },
    "@babel/plugin-transform-regenerator": {
      "version": "7.0.0-beta.56",
      "resolved": "https://registry.npmjs.org/@babel/plugin-transform-regenerator/-/plugin-transform-regenerator-7.0.0-beta.56.tgz",
      "integrity": "sha512-wSRlSwXSXlpAdAKethZu+JyrnSL1NvLn3VtomlOCqHWhRhjOkjehIBlAe/AmguSn9JTUja0vqBWn1FS8sSnp7Q==",
      "requires": {
        "regenerator-transform": "^0.13.3"
      }
    },
    "@babel/plugin-transform-shorthand-properties": {
      "version": "7.0.0-beta.56",
      "resolved": "https://registry.npmjs.org/@babel/plugin-transform-shorthand-properties/-/plugin-transform-shorthand-properties-7.0.0-beta.56.tgz",
      "integrity": "sha512-qfN9LTjglikI4N2K/WkZAJQijWQpsQefsC/sXEN6c4/G9n5ZJFyXt23aXXcjibncKbcTrRpmH0nTeMiZK0A+5A==",
      "requires": {
        "@babel/helper-plugin-utils": "7.0.0-beta.56"
      }
    },
    "@babel/plugin-transform-spread": {
      "version": "7.0.0-beta.56",
      "resolved": "https://registry.npmjs.org/@babel/plugin-transform-spread/-/plugin-transform-spread-7.0.0-beta.56.tgz",
      "integrity": "sha512-C0EUKGVSU5ttbRe+ATn54oR2jdGzGIA8Uo/0jwtMeTU+6lewpTX8nu+M36JZDIcq2sSu7zxfLiRkErb/PX/Q0g==",
      "requires": {
        "@babel/helper-plugin-utils": "7.0.0-beta.56"
      }
    },
    "@babel/plugin-transform-sticky-regex": {
      "version": "7.0.0-beta.56",
      "resolved": "https://registry.npmjs.org/@babel/plugin-transform-sticky-regex/-/plugin-transform-sticky-regex-7.0.0-beta.56.tgz",
      "integrity": "sha512-VGPxbfefemuJg6/UVXf8WaaU9gIZRr31aLBsjDdYfj41N3W55LSvU+6CxCZ/ID6SfNCcQUEyBtZsWMWvv38Dhw==",
      "requires": {
        "@babel/helper-plugin-utils": "7.0.0-beta.56",
        "@babel/helper-regex": "7.0.0-beta.56"
      }
    },
    "@babel/plugin-transform-template-literals": {
      "version": "7.0.0-beta.56",
      "resolved": "https://registry.npmjs.org/@babel/plugin-transform-template-literals/-/plugin-transform-template-literals-7.0.0-beta.56.tgz",
      "integrity": "sha512-VMK/94Mlz24KFg0wc4Y4fAM6FNnx0wnr4A36rMdU54SYM3AEYzQcXtbI4uOCUSGdTOKR5zOiwhNnZFRodi29iA==",
      "requires": {
        "@babel/helper-annotate-as-pure": "7.0.0-beta.56",
        "@babel/helper-plugin-utils": "7.0.0-beta.56"
      }
    },
    "@babel/plugin-transform-typeof-symbol": {
      "version": "7.0.0-beta.56",
      "resolved": "https://registry.npmjs.org/@babel/plugin-transform-typeof-symbol/-/plugin-transform-typeof-symbol-7.0.0-beta.56.tgz",
      "integrity": "sha512-BnKyH+AUvnVHyl+1Kt40jfr6+0/DUED9huSdirp1DrKwmjlcu4FliGDNcSSKBfawV4covKT7MBjWpE6s+XNk1g==",
      "requires": {
        "@babel/helper-plugin-utils": "7.0.0-beta.56"
      }
    },
    "@babel/plugin-transform-unicode-regex": {
      "version": "7.0.0-beta.56",
      "resolved": "https://registry.npmjs.org/@babel/plugin-transform-unicode-regex/-/plugin-transform-unicode-regex-7.0.0-beta.56.tgz",
      "integrity": "sha512-31lEbd5voBJR8ufUuOaRu/r2dxj53S/fs+VNgPqCqvOw7Ql8AuuinYvJjxbzpZ5GqAWLPX1MKBgJ+gsjomXb6g==",
      "requires": {
        "@babel/helper-plugin-utils": "7.0.0-beta.56",
        "@babel/helper-regex": "7.0.0-beta.56",
        "regexpu-core": "^4.1.3"
      }
    },
    "@babel/template": {
      "version": "7.0.0-beta.56",
      "resolved": "https://registry.npmjs.org/@babel/template/-/template-7.0.0-beta.56.tgz",
      "integrity": "sha512-rsR9K18h0oiJTUmS/ICYREbV8qhPTic4SIqDSkzv9xOxupt7dKj8hWmZQLGPySO5x6cdn8py039o1wPQnsEGHg==",
      "requires": {
        "@babel/code-frame": "7.0.0-beta.56",
        "@babel/parser": "7.0.0-beta.56",
        "@babel/types": "7.0.0-beta.56",
        "lodash": "^4.17.10"
      }
    },
    "@babel/traverse": {
      "version": "7.0.0-beta.56",
      "resolved": "https://registry.npmjs.org/@babel/traverse/-/traverse-7.0.0-beta.56.tgz",
      "integrity": "sha512-9WTqtKP2Ll+jG68r+JEecXAbdH/kk5inN1VDSDaTgdYtZ82BYUS9XRWMVpc5HB9LJsu2ZEyUA1cGybID7eeOXA==",
      "requires": {
        "@babel/code-frame": "7.0.0-beta.56",
        "@babel/generator": "7.0.0-beta.56",
        "@babel/helper-function-name": "7.0.0-beta.56",
        "@babel/helper-split-export-declaration": "7.0.0-beta.56",
        "@babel/parser": "7.0.0-beta.56",
        "@babel/types": "7.0.0-beta.56",
        "debug": "^3.1.0",
        "globals": "^11.1.0",
        "lodash": "^4.17.10"
      }
    },
    "@babel/types": {
      "version": "7.0.0-beta.56",
      "resolved": "https://registry.npmjs.org/@babel/types/-/types-7.0.0-beta.56.tgz",
      "integrity": "sha512-fRIBeHtKxAD3D1E7hYSpG4MnLt0AfzHHs5gfVclOB0NlfLu3qiWU/IqdbK2ixTK61424iEkV1P/VAzndx6ungA==",
      "requires": {
        "esutils": "^2.0.2",
        "lodash": "^4.17.10",
        "to-fast-properties": "^2.0.0"
      }
    },
    "ansi-styles": {
      "version": "3.2.1",
      "resolved": "https://registry.npmjs.org/ansi-styles/-/ansi-styles-3.2.1.tgz",
      "integrity": "sha512-VT0ZI6kZRdTh8YyJw3SMbYm/u+NqfsAxEpWO0Pf9sq8/e94WxxOpPKx9FR1FlyCtOVDNOQ+8ntlqFxiRc+r5qA==",
      "requires": {
        "color-convert": "^1.9.0"
      }
    },
    "chalk": {
      "version": "2.4.1",
      "resolved": "https://registry.npmjs.org/chalk/-/chalk-2.4.1.tgz",
      "integrity": "sha512-ObN6h1v2fTJSmUXoS3nMQ92LbDK9be4TV+6G+omQlGJFdcUX5heKi1LZ1YnRMIgwTLEj3E24bT6tYni50rlCfQ==",
      "requires": {
        "ansi-styles": "^3.2.1",
        "escape-string-regexp": "^1.0.5",
        "supports-color": "^5.3.0"
      }
    },
    "color-convert": {
      "version": "1.9.2",
      "resolved": "https://registry.npmjs.org/color-convert/-/color-convert-1.9.2.tgz",
      "integrity": "sha512-3NUJZdhMhcdPn8vJ9v2UQJoH0qqoGUkYTgFEPZaPjEtwmmKUfNV46zZmgB2M5M4DCEQHMaCfWHCxiBflLm04Tg==",
      "requires": {
        "color-name": "1.1.1"
      }
    },
    "color-name": {
      "version": "1.1.1",
      "resolved": "https://registry.npmjs.org/color-name/-/color-name-1.1.1.tgz",
      "integrity": "sha1-SxQVMEz1ACjqgWQ2Q72C6gWANok="
    },
    "convert-source-map": {
      "version": "1.5.1",
      "resolved": "https://registry.npmjs.org/convert-source-map/-/convert-source-map-1.5.1.tgz",
      "integrity": "sha1-uCeAl7m8IpNl3lxiz1/K7YtVmeU=",
      "dev": true
    },
    "debug": {
      "version": "3.1.0",
      "resolved": "https://registry.npmjs.org/debug/-/debug-3.1.0.tgz",
      "integrity": "sha512-OX8XqP7/1a9cqkxYw2yXss15f26NKWBpDXQd0/uK/KPqdQhxbPa994hnzjcE2VqQpDslf55723cKPUOGSmMY3g==",
      "requires": {
        "ms": "2.0.0"
      }
    },
    "escape-string-regexp": {
      "version": "1.0.5",
      "resolved": "https://registry.npmjs.org/escape-string-regexp/-/escape-string-regexp-1.0.5.tgz",
      "integrity": "sha1-G2HAViGQqN/2rjuyzwIAyhMLhtQ="
    },
    "esutils": {
      "version": "2.0.2",
      "resolved": "https://registry.npmjs.org/esutils/-/esutils-2.0.2.tgz",
      "integrity": "sha1-Cr9PHKpbyx96nYrMbepPqqBLrJs="
    },
    "globals": {
      "version": "11.7.0",
      "resolved": "https://registry.npmjs.org/globals/-/globals-11.7.0.tgz",
      "integrity": "sha512-K8BNSPySfeShBQXsahYB/AbbWruVOTyVpgoIDnl8odPpeSfP2J5QO2oLFFdl2j7GfDCtZj2bMKar2T49itTPCg=="
    },
    "has-flag": {
      "version": "3.0.0",
      "resolved": "https://registry.npmjs.org/has-flag/-/has-flag-3.0.0.tgz",
      "integrity": "sha1-tdRU3CGZriJWmfNGfloH87lVuv0="
    },
    "js-tokens": {
      "version": "3.0.2",
      "resolved": "https://registry.npmjs.org/js-tokens/-/js-tokens-3.0.2.tgz",
      "integrity": "sha1-mGbfOVECEw449/mWvOtlRDIJwls="
    },
    "jsesc": {
      "version": "2.5.1",
      "resolved": "https://registry.npmjs.org/jsesc/-/jsesc-2.5.1.tgz",
      "integrity": "sha1-5CGiqOINawgZ3yiQj3glJrlt0f4="
    },
    "json5": {
      "version": "0.5.1",
      "resolved": "https://registry.npmjs.org/json5/-/json5-0.5.1.tgz",
      "integrity": "sha1-Hq3nrMASA0rYTiOWdn6tn6VJWCE=",
      "dev": true
    },
    "lodash": {
      "version": "4.17.10",
      "resolved": "https://registry.npmjs.org/lodash/-/lodash-4.17.10.tgz",
      "integrity": "sha512-UejweD1pDoXu+AD825lWwp4ZGtSwgnpZxb3JDViD7StjQz+Nb/6l093lx4OQ0foGWNRoc19mWy7BzL+UAK2iVg=="
    },
    "ms": {
      "version": "2.0.0",
      "resolved": "https://registry.npmjs.org/ms/-/ms-2.0.0.tgz",
      "integrity": "sha1-VgiurfwAvmwpAd9fmGF4jeDVl8g="
    },
    "path-parse": {
      "version": "1.0.5",
      "resolved": "https://registry.npmjs.org/path-parse/-/path-parse-1.0.5.tgz",
      "integrity": "sha1-PBrfhx6pzWyUMbbqK9dKD/BVxME=",
      "dev": true
    },
    "private": {
      "version": "0.1.8",
      "resolved": "https://registry.npmjs.org/private/-/private-0.1.8.tgz",
      "integrity": "sha512-VvivMrbvd2nKkiG38qjULzlc+4Vx4wm/whI9pQD35YrARNnhxeiRktSOhSukRLFNlzg6Br/cJPet5J/u19r/mg=="
    },
    "regenerate": {
      "version": "1.4.0",
      "resolved": "https://registry.npmjs.org/regenerate/-/regenerate-1.4.0.tgz",
      "integrity": "sha512-1G6jJVDWrt0rK99kBjvEtziZNCICAuvIPkSiUFIQxVP06RCVpq3dmDo2oi6ABpYaDYaTRr67BEhL8r1wgEZZKg=="
    },
    "regenerate-unicode-properties": {
      "version": "7.0.0",
      "resolved": "https://registry.npmjs.org/regenerate-unicode-properties/-/regenerate-unicode-properties-7.0.0.tgz",
      "integrity": "sha512-s5NGghCE4itSlUS+0WUj88G6cfMVMmH8boTPNvABf8od+2dhT9WDlWu8n01raQAJZMOK8Ch6jSexaRO7swd6aw==",
      "requires": {
        "regenerate": "^1.4.0"
      }
    },
    "regenerator-transform": {
      "version": "0.13.3",
      "resolved": "https://registry.npmjs.org/regenerator-transform/-/regenerator-transform-0.13.3.tgz",
      "integrity": "sha512-5ipTrZFSq5vU2YoGoww4uaRVAK4wyYC4TSICibbfEPOruUu8FFP7ErV0BjmbIOEpn3O/k9na9UEdYR/3m7N6uA==",
      "requires": {
        "private": "^0.1.6"
      }
    },
    "regexpu-core": {
      "version": "4.2.0",
      "resolved": "https://registry.npmjs.org/regexpu-core/-/regexpu-core-4.2.0.tgz",
      "integrity": "sha512-Z835VSnJJ46CNBttalHD/dB+Sj2ezmY6Xp38npwU87peK6mqOzOpV8eYktdkLTEkzzD+JsTcxd84ozd8I14+rw==",
      "requires": {
        "regenerate": "^1.4.0",
        "regenerate-unicode-properties": "^7.0.0",
        "regjsgen": "^0.4.0",
        "regjsparser": "^0.3.0",
        "unicode-match-property-ecmascript": "^1.0.4",
        "unicode-match-property-value-ecmascript": "^1.0.2"
      }
    },
    "regjsgen": {
      "version": "0.4.0",
      "resolved": "https://registry.npmjs.org/regjsgen/-/regjsgen-0.4.0.tgz",
      "integrity": "sha512-X51Lte1gCYUdlwhF28+2YMO0U6WeN0GLpgpA7LK7mbdDnkQYiwvEpmpe0F/cv5L14EbxgrdayAG3JETBv0dbXA=="
    },
    "regjsparser": {
      "version": "0.3.0",
      "resolved": "https://registry.npmjs.org/regjsparser/-/regjsparser-0.3.0.tgz",
      "integrity": "sha512-zza72oZBBHzt64G7DxdqrOo/30bhHkwMUoT0WqfGu98XLd7N+1tsy5MJ96Bk4MD0y74n629RhmrGW6XlnLLwCA==",
      "requires": {
        "jsesc": "~0.5.0"
      },
      "dependencies": {
        "jsesc": {
          "version": "0.5.0",
          "resolved": "https://registry.npmjs.org/jsesc/-/jsesc-0.5.0.tgz",
          "integrity": "sha1-597mbjXW/Bb3EP6R1c9p9w8IkR0="
        }
      }
    },
    "resolve": {
      "version": "1.8.1",
      "resolved": "https://registry.npmjs.org/resolve/-/resolve-1.8.1.tgz",
      "integrity": "sha512-AicPrAC7Qu1JxPCZ9ZgCZlY35QgFnNqc+0LtbRNxnVw4TXvjQ72wnuL9JQcEBgXkI9JM8MsT9kaQoHcpCRJOYA==",
      "dev": true,
      "requires": {
        "path-parse": "^1.0.5"
      }
    },
    "semver": {
      "version": "5.5.0",
      "resolved": "https://registry.npmjs.org/semver/-/semver-5.5.0.tgz",
      "integrity": "sha512-4SJ3dm0WAwWy/NVeioZh5AntkdJoWKxHxcmyP622fOkgHa4z3R0TdBJICINyaSDE6uNwVc8gZr+ZinwZAH4xIA==",
      "dev": true
    },
    "source-map": {
      "version": "0.5.7",
      "resolved": "https://registry.npmjs.org/source-map/-/source-map-0.5.7.tgz",
      "integrity": "sha1-igOdLRAh0i0eoUyA2OpGi6LvP8w="
    },
    "supports-color": {
      "version": "5.4.0",
      "resolved": "https://registry.npmjs.org/supports-color/-/supports-color-5.4.0.tgz",
      "integrity": "sha512-zjaXglF5nnWpsq470jSv6P9DwPvgLkuapYmfDm3JWOm0vkNTVF2tI4UrN2r6jH1qM/uc/WtxYY1hYoA2dOKj5w==",
      "requires": {
        "has-flag": "^3.0.0"
      }
    },
    "to-fast-properties": {
      "version": "2.0.0",
      "resolved": "https://registry.npmjs.org/to-fast-properties/-/to-fast-properties-2.0.0.tgz",
      "integrity": "sha1-3F5pjL0HkmW8c+A3doGk5Og/YW4="
    },
    "trim-right": {
      "version": "1.0.1",
      "resolved": "https://registry.npmjs.org/trim-right/-/trim-right-1.0.1.tgz",
      "integrity": "sha1-yy4SAwZ+DI3h9hQJS5/kVwTqYAM="
    },
    "unicode-canonical-property-names-ecmascript": {
      "version": "1.0.4",
      "resolved": "https://registry.npmjs.org/unicode-canonical-property-names-ecmascript/-/unicode-canonical-property-names-ecmascript-1.0.4.tgz",
      "integrity": "sha512-jDrNnXWHd4oHiTZnx/ZG7gtUTVp+gCcTTKr8L0HjlwphROEW3+Him+IpvC+xcJEFegapiMZyZe02CyuOnRmbnQ=="
    },
    "unicode-match-property-ecmascript": {
      "version": "1.0.4",
      "resolved": "https://registry.npmjs.org/unicode-match-property-ecmascript/-/unicode-match-property-ecmascript-1.0.4.tgz",
      "integrity": "sha512-L4Qoh15vTfntsn4P1zqnHulG0LdXgjSO035fEpdtp6YxXhMT51Q6vgM5lYdG/5X3MjS+k/Y9Xw4SFCY9IkR0rg==",
      "requires": {
        "unicode-canonical-property-names-ecmascript": "^1.0.4",
        "unicode-property-aliases-ecmascript": "^1.0.4"
      }
    },
    "unicode-match-property-value-ecmascript": {
      "version": "1.0.2",
      "resolved": "https://registry.npmjs.org/unicode-match-property-value-ecmascript/-/unicode-match-property-value-ecmascript-1.0.2.tgz",
      "integrity": "sha512-Rx7yODZC1L/T8XKo/2kNzVAQaRE88AaMvI1EF/Xnj3GW2wzN6fop9DDWuFAKUVFH7vozkz26DzP0qyWLKLIVPQ=="
    },
    "unicode-property-aliases-ecmascript": {
      "version": "1.0.4",
      "resolved": "https://registry.npmjs.org/unicode-property-aliases-ecmascript/-/unicode-property-aliases-ecmascript-1.0.4.tgz",
      "integrity": "sha512-2WSLa6OdYd2ng8oqiGIWnJqyFArvhn+5vgx5GTxMbUYjCYKUcuKS62YLFF0R/BDGlB1yzXjQOLtPAfHsgirEpg=="
    }
  }
}
