{
  "dependencies": {
    "clean-css": {
      "version": "2.0.2",
      "dependencies": {
        "commander": {
          "version": "2.0.0"
        }
      }
    },
    "uglify-js": {
      "version": "2.4.7",
      "dependencies": {
        "async": {
          "version": "0.2.9"
        },
        "source-map": {
          "version": "0.1.31",
          "dependencies": {
            "amdefine": {
              "version": "0.1.0"
            }
          }
        },
        "optimist": {
          "version": "0.3.7",
          "dependencies": {
            "wordwrap": {
              "version": "0.0.2"
            }
          }
        },
        "uglify-to-browserify": {
          "version": "1.0.1"
        }
      }
    }
  }
}
