{
  "dependencies": {
    "uglify-js": {
      "version": "2.4.20",
      "resolved": "https://registry.npmjs.org/uglify-js/-/uglify-js-2.4.20.tgz",
      "from": "https://registry.npmjs.org/uglify-js/-/uglify-js-2.4.20.tgz",
      "dependencies": {
        "async": {
          "version": "0.2.10",
          "resolved": "https://registry.npmjs.org/async/-/async-0.2.10.tgz",
          "from": "https://registry.npmjs.org/async/-/async-0.2.10.tgz"
        },
        "source-map": {
          "version": "0.1.34",
          "resolved": "https://registry.npmjs.org/source-map/-/source-map-0.1.34.tgz",
          "from": "https://registry.npmjs.org/source-map/-/source-map-0.1.34.tgz",
          "dependencies": {
            "amdefine": {
              "version": "0.1.0",
              "resolved": "https://registry.npmjs.org/amdefine/-/amdefine-0.1.0.tgz",
              "from": "https://registry.npmjs.org/amdefine/-/amdefine-0.1.0.tgz"
            }
          }
        },
        "uglify-to-browserify": {
          "version": "1.0.2",
          "resolved": "https://registry.npmjs.org/uglify-to-browserify/-/uglify-to-browserify-1.0.2.tgz",
          "from": "https://registry.npmjs.org/uglify-to-browserify/-/uglify-to-browserify-1.0.2.tgz"
        },
        "yargs": {
          "version": "3.5.4",
          "resolved": "https://registry.npmjs.org/yargs/-/yargs-3.5.4.tgz",
          "from": "https://registry.npmjs.org/yargs/-/yargs-3.5.4.tgz",
          "dependencies": {
            "camelcase": {
              "version": "1.0.2",
              "resolved": "https://registry.npmjs.org/camelcase/-/camelcase-1.0.2.tgz",
              "from": "https://registry.npmjs.org/camelcase/-/camelcase-1.0.2.tgz"
            },
            "decamelize": {
              "version": "1.0.0",
              "resolved": "https://registry.npmjs.org/decamelize/-/decamelize-1.0.0.tgz",
              "from": "https://registry.npmjs.org/decamelize/-/decamelize-1.0.0.tgz"
            },
            "window-size": {
              "version": "0.1.0",
              "resolved": "https://registry.npmjs.org/window-size/-/window-size-0.1.0.tgz",
              "from": "https://registry.npmjs.org/window-size/-/window-size-0.1.0.tgz"
            },
            "wordwrap": {
              "version": "0.0.2",
              "resolved": "https://registry.npmjs.org/wordwrap/-/wordwrap-0.0.2.tgz",
              "from": "https://registry.npmjs.org/wordwrap/-/wordwrap-0.0.2.tgz"
            }
          }
        }
      }
    }
  }
}
