{
  "dependencies": {
    "meteor-babel": {
      "version": "0.5.8",
      "dependencies": {
        "babel-core": {
          "version": "5.8.24"
        },
        "convert-source-map": {
          "version": "1.1.1"
        },
        "acorn": {
          "version": "2.4.0"
        },
        "acorn-globals": {
          "version": "1.0.6"
        },
        "alter": {
          "version": "0.2.0"
        },
        "amdefine": {
          "version": "1.0.0"
        },
        "ansi-regex": {
          "version": "2.0.0"
        },
        "ansi-styles": {
          "version": "2.1.0"
        },
        "asap": {
          "version": "2.0.3"
        },
        "ast-traverse": {
          "version": "0.1.1"
        },
        "ast-types": {
          "version": "0.8.5"
        },
        "async": {
          "version": "0.2.10"
        },
        "babel-plugin-constant-folding": {
          "version": "1.0.1"
        },
        "babel-plugin-dead-code-elimination": {
          "version": "1.0.2"
        },
        "babel-plugin-eval": {
          "version": "1.0.1"
        },
        "babel-plugin-inline-environment-variables": {
          "version": "1.0.1"
        },
        "babel-plugin-jscript": {
          "version": "1.0.4"
        },
        "babel-plugin-member-expression-literals": {
          "version": "1.0.1"
        },
        "babel-plugin-property-literals": {
          "version": "1.0.1"
        },
        "babel-plugin-proto-to-assign": {
          "version": "1.0.4"
        },
        "babel-plugin-react-display-name": {
          "version": "1.0.3"
        },
        "babel-plugin-react-constant-elements": {
          "version": "1.0.3"
        },
        "babel-plugin-remove-console": {
          "version": "1.0.1"
        },
        "babel-plugin-remove-debugger": {
          "version": "1.0.1"
        },
        "babel-plugin-runtime": {
          "version": "1.0.7"
        },
        "babel-plugin-undeclared-variables-check": {
          "version": "1.0.2"
        },
        "babel-plugin-undefined-to-void": {
          "version": "1.1.6"
        },
        "babylon": {
          "version": "5.8.23"
        },
        "balanced-match": {
          "version": "0.2.0"
        },
        "bluebird": {
          "version": "2.10.0"
        },
        "brace-expansion": {
          "version": "1.1.0"
        },
        "breakable": {
          "version": "1.0.0"
        },
        "camelcase": {
          "version": "1.2.1"
        },
        "chalk": {
          "version": "1.1.1"
        },
        "character-parser": {
          "version": "1.2.1"
        },
        "commander": {
          "version": "2.5.1"
        },
        "commoner": {
          "version": "0.10.3"
        },
        "concat-map": {
          "version": "0.0.1"
        },
        "constantinople": {
          "version": "3.0.2"
        },
        "core-js": {
          "version": "1.1.4"
        },
        "css": {
          "version": "1.0.8"
        },
        "css-parse": {
          "version": "1.0.4"
        },
        "css-stringify": {
          "version": "1.0.5"
        },
        "debug": {
          "version": "2.2.0"
        },
        "decamelize": {
          "version": "1.0.0"
        },
        "detect-indent": {
          "version": "3.0.1"
        },
        "diff": {
          "version": "1.4.0"
        },
        "escape-string-regexp": {
          "version": "1.0.3"
        },
        "esprima-fb": {
          "version": "15001.1.0-dev-harmony-fb"
        },
        "esutils": {
          "version": "2.0.2"
        },
        "fs-readdir-recursive": {
          "version": "0.1.2"
        },
        "get-stdin": {
          "version": "4.0.1"
        },
        "globals": {
          "version": "6.4.1"
        },
        "graceful-fs": {
          "version": "3.0.8"
        },
        "graceful-readlink": {
          "version": "1.0.1"
        },
        "growl": {
          "version": "1.8.1"
        },
        "has-ansi": {
          "version": "2.0.0"
        },
        "home-or-tmp": {
          "version": "1.0.0"
        },
        "iconv-lite": {
          "version": "0.4.11"
        },
        "inflight": {
          "version": "1.0.4"
        },
        "inherits": {
          "version": "2.0.1"
        },
        "install": {
          "version": "0.1.8"
        },
        "is-finite": {
          "version": "1.0.1"
        },
        "is-integer": {
          "version": "1.0.6"
        },
        "is-promise": {
          "version": "2.1.0"
        },
        "js-tokens": {
          "version": "1.0.1"
        },
        "json5": {
          "version": "0.4.0"
        },
        "jsesc": {
          "version": "0.5.0"
        },
        "left-pad": {
          "version": "0.0.3"
        },
        "leven": {
          "version": "1.0.2"
        },
        "line-numbers": {
          "version": "0.2.0"
        },
        "lodash": {
          "version": "3.10.1"
        },
        "minimatch": {
          "version": "2.0.10"
        },
        "lru-cache": {
          "version": "2.7.0"
        },
        "minimist": {
          "version": "1.2.0"
        },
        "number-is-nan": {
          "version": "1.0.0"
        },
        "ms": {
          "version": "0.7.1"
        },
        "once": {
          "version": "1.3.2"
        },
        "optimist": {
          "version": "0.3.7"
        },
        "os-tmpdir": {
          "version": "1.0.1"
        },
        "path-exists": {
          "version": "1.0.0"
        },
        "output-file-sync": {
          "version": "1.1.1"
        },
        "private": {
          "version": "0.1.6"
        },
        "path-is-absolute": {
          "version": "1.0.0"
        },
        "promise": {
          "version": "7.0.4"
        },
        "recast": {
          "version": "0.10.24"
        },
        "q": {
          "version": "1.1.2"
        },
        "regenerate": {
          "version": "1.2.1"
        },
        "regenerator": {
          "version": "0.8.35"
        },
        "regjsgen": {
          "version": "0.2.0"
        },
        "regexpu": {
          "version": "1.2.0"
        },
        "regjsparser": {
          "version": "0.1.5"
        },
        "repeating": {
          "version": "1.1.3"
        },
        "resolve": {
          "version": "1.1.6"
        },
        "sigmund": {
          "version": "1.0.1"
        },
        "shebang-regex": {
          "version": "1.0.0"
        },
        "simple-fmt": {
          "version": "0.1.0"
        },
        "simple-is": {
          "version": "0.2.0"
        },
        "slash": {
          "version": "1.0.0"
        },
        "source-map": {
          "version": "0.4.4"
        },
        "stable": {
          "version": "0.1.5"
        },
        "stringmap": {
          "version": "0.2.2"
        },
        "strip-ansi": {
          "version": "3.0.0"
        },
        "stringset": {
          "version": "0.2.1"
        },
        "supports-color": {
          "version": "2.0.0"
        },
        "through": {
          "version": "2.3.8"
        },
        "to-fast-properties": {
          "version": "1.0.1"
        },
        "trim-right": {
          "version": "1.0.1"
        },
        "try-resolve": {
          "version": "1.0.1"
        },
        "tryor": {
          "version": "0.1.2"
        },
        "uglify-to-browserify": {
          "version": "1.0.2"
        },
        "user-home": {
          "version": "1.1.1"
        },
        "void-elements": {
          "version": "2.0.1"
        },
        "window-size": {
          "version": "0.1.0"
        },
        "wordwrap": {
          "version": "0.0.3"
        },
        "wrappy": {
          "version": "1.0.1"
        },
        "xtend": {
          "version": "4.0.0"
        },
        "yargs": {
          "version": "1.3.3"
        },
        "glob": {
          "version": "4.2.2",
          "dependencies": {
            "minimatch": {
              "version": "1.0.0"
            }
          }
        },
        "clean-css": {
          "version": "3.4.3",
          "dependencies": {
            "commander": {
              "version": "2.8.1"
            }
          }
        },
        "jade": {
          "version": "1.11.0",
          "dependencies": {
            "commander": {
              "version": "2.6.0"
            }
          }
        },
        "defs": {
          "version": "1.1.0",
          "dependencies": {
            "esprima-fb": {
              "version": "8001.1001.0-dev-harmony-fb"
            }
          }
        },
        "jstransformer": {
          "version": "0.0.2",
          "dependencies": {
            "promise": {
              "version": "6.1.0"
            },
            "asap": {
              "version": "1.0.0"
            }
          }
        },
        "mkdirp": {
          "version": "0.5.1",
          "dependencies": {
            "minimist": {
              "version": "0.0.8"
            }
          }
        },
        "source-map-support": {
          "version": "0.2.10",
          "dependencies": {
            "source-map": {
              "version": "0.1.32"
            }
          }
        },
        "transformers": {
          "version": "2.1.0",
          "dependencies": {
            "promise": {
              "version": "2.0.0"
            },
            "uglify-js": {
              "version": "2.2.5"
            },
            "is-promise": {
              "version": "1.0.1"
            },
            "source-map": {
              "version": "0.1.43"
            }
          }
        },
        "uglify-js": {
          "version": "2.4.24",
          "dependencies": {
            "source-map": {
              "version": "0.1.34"
            },
            "yargs": {
              "version": "3.5.4"
            },
            "wordwrap": {
              "version": "0.0.2"
            }
          }
        },
        "with": {
          "version": "4.0.3",
          "dependencies": {
            "acorn": {
              "version": "1.2.2"
            }
          }
        }
      }
    }
  }
}
