{
  "dependencies": {
    "faye-websocket": {
      "version": "0.11.1",
      "resolved": "https://registry.npmjs.org/faye-websocket/-/faye-websocket-0.11.1.tgz",
      "from": "faye-websocket@0.11.1"
    },
    "http-parser-js": {
      "version": "0.4.6",
      "resolved": "https://registry.npmjs.org/http-parser-js/-/http-parser-js-0.4.6.tgz",
      "from": "http-parser-js@>=0.4.0"
    },
    "lolex": {
      "version": "1.4.0",
      "resolved": "https://registry.npmjs.org/lolex/-/lolex-1.4.0.tgz",
      "from": "lolex@1.4.0"
    },
    "permessage-deflate": {
      "version": "0.1.6",
      "resolved": "https://registry.npmjs.org/permessage-deflate/-/permessage-deflate-0.1.6.tgz",
      "from": "permessage-deflate@0.1.6"
    },
    "websocket-driver": {
      "version": "0.7.0",
      "resolved": "https://registry.npmjs.org/websocket-driver/-/websocket-driver-0.7.0.tgz",
      "from": "websocket-driver@>=0.5.1"
    },
    "websocket-extensions": {
      "version": "0.1.2",
      "resolved": "https://registry.npmjs.org/websocket-extensions/-/websocket-extensions-0.1.2.tgz",
      "from": "websocket-extensions@>=0.1.1"
    }
  }
}
