{
  "dependencies": {
    "coffee-script": {
      "version": "1.10.0",
      "resolved": "https://registry.npmjs.org/coffee-script/-/coffee-script-1.10.0.tgz",
      "from": "coffee-script@1.10.0"
    },
    "source-map": {
      "version": "0.5.6",
      "resolved": "https://registry.npmjs.org/source-map/-/source-map-0.5.6.tgz",
      "from": "https://registry.npmjs.org/source-map/-/source-map-0.5.6.tgz"
    }
  }
}
