{
  "dependencies": {
    "less": {
      "version": "1.6.1",
      "dependencies": {
        "mime": {
          "version": "1.2.11"
        },
        "request": {
          "version": "2.33.0",
          "dependencies": {
            "qs": {
              "version": "0.6.6"
            },
            "json-stringify-safe": {
              "version": "5.0.0"
            },
            "forever-agent": {
              "version": "0.5.0"
            },
            "node-uuid": {
              "version": "1.4.1"
            },
            "tough-cookie": {
              "version": "0.12.1",
              "dependencies": {
                "punycode": {
                  "version": "1.2.3"
                }
              }
            },
            "form-data": {
              "version": "0.1.2",
              "dependencies": {
                "combined-stream": {
                  "version": "0.0.4",
                  "dependencies": {
                    "delayed-stream": {
                      "version": "0.0.5"
                    }
                  }
                },
                "async": {
                  "version": "0.2.10"
                }
              }
            },
            "tunnel-agent": {
              "version": "0.3.0"
            },
            "http-signature": {
              "version": "0.10.0",
              "dependencies": {
                "assert-plus": {
                  "version": "0.1.2"
                },
                "asn1": {
                  "version": "0.1.11"
                },
                "ctype": {
                  "version": "0.5.2"
                }
              }
            },
            "oauth-sign": {
              "version": "0.3.0"
            },
            "hawk": {
              "version": "1.0.0",
              "dependencies": {
                "hoek": {
                  "version": "0.9.1"
                },
                "boom": {
                  "version": "0.4.2"
                },
                "cryptiles": {
                  "version": "0.2.2"
                },
                "sntp": {
                  "version": "0.2.4"
                }
              }
            },
            "aws-sign2": {
              "version": "0.5.0"
            }
          }
        },
        "mkdirp": {
          "version": "0.3.5"
        },
        "clean-css": {
          "version": "2.0.7",
          "dependencies": {
            "commander": {
              "version": "2.0.0"
            }
          }
        },
        "source-map": {
          "version": "0.1.31",
          "dependencies": {
            "amdefine": {
              "version": "0.1.0"
            }
          }
        }
      }
    }
  }
}
