{
  "lockfileVersion": 1,
  "dependencies": {
    "parse5": {
      "version": "3.0.2",
      "resolved": "https://registry.npmjs.org/parse5/-/parse5-3.0.2.tgz",
      "integrity": "sha1-Be/1fw70V3+xRKefi5qWemzERRA="
    },
    "promise-polyfill": {
      "version": "1.1.6",
      "resolved": "https://registry.npmjs.org/promise-polyfill/-/promise-polyfill-1.1.6.tgz",
      "integrity": "sha1-zQTv9G9clcOn0EVZHXm14+AfEtc="
    },
    "stream-to-string": {
      "version": "1.1.0",
      "resolved": "https://registry.npmjs.org/stream-to-string/-/stream-to-string-1.1.0.tgz",
      "integrity": "sha1-OSELATF+ars16FRTjgEwN7ajWUA="
    }
  }
}
