{
  "name": "@meteorjs/rspack",
  "version": "3.0.0-beta.0",
  "lockfileVersion": 3,
  "requires": true,
  "packages": {
    "": {
      "name": "@meteorjs/rspack",
      "version": "3.0.0-beta.0",
      "license": "ISC",
      "dependencies": {
        "fast-deep-equal": "^3.1.3",
        "ignore-loader": "^0.1.2",
        "isomorphic-timers-promises": "^1.0.1",
        "rspack-merge": "^1.0.1"
      },
      "devDependencies": {
        "semver": "^7.7.4"
      },
      "peerDependencies": {
        "@rspack/cli": ">=2.1.8",
        "@rspack/core": ">=2.1.8",
        "@rspack/dev-server": ">=2.1.0",
        "@swc/core": ">=1.3.0",
        "meteor-node-stubs": ">=1.2.0"
      },
      "peerDependenciesMeta": {
        "meteor-node-stubs": {
          "optional": true
        }
      }
    },
    "node_modules/@emnapi/core": {
      "version": "1.11.3",
      "resolved": "https://registry.npmjs.org/@emnapi/core/-/core-1.11.3.tgz",
      "integrity": "sha512-zLpS5asjEb7lq8jYLq37N6XKaE41DIexlY1rF/z4/tIl3wo13Sqm28fRyfIsKZD+NZ8mM5RoKkpW/rBcuoSZSg==",
      "license": "MIT",
      "optional": true,
      "peer": true,
      "dependencies": {
        "@emnapi/wasi-threads": "1.2.3",
        "tslib": "^2.4.0"
      }
    },
    "node_modules/@emnapi/runtime": {
      "version": "1.11.3",
      "resolved": "https://registry.npmjs.org/@emnapi/runtime/-/runtime-1.11.3.tgz",
      "integrity": "sha512-Xz4Tpyki7XyrpbUK1jR1AhdAdaXyhhY4lZ3neLodmhpuWfy2PAQN5B46sAiU4liOXGLkHypn/qU+jvfWSCYYLA==",
      "license": "MIT",
      "optional": true,
      "peer": true,
      "dependencies": {
        "tslib": "^2.4.0"
      }
    },
    "node_modules/@emnapi/wasi-threads": {
      "version": "1.2.3",
      "resolved": "https://registry.npmjs.org/@emnapi/wasi-threads/-/wasi-threads-1.2.3.tgz",
      "integrity": "sha512-ELEBe8PsLvvJ6QMr0zLt8ffvOHW/dc1m3CEzNMg7aJUv3bMaoDtw2TXyDAwkYBuroxxuHEwhRTLJSe5sya547g==",
      "license": "MIT",
      "optional": true,
      "peer": true,
      "dependencies": {
        "tslib": "^2.4.0"
      }
    },
    "node_modules/@napi-rs/wasm-runtime": {
      "version": "1.1.6",
      "resolved": "https://registry.npmjs.org/@napi-rs/wasm-runtime/-/wasm-runtime-1.1.6.tgz",
      "integrity": "sha512-ZLv/JdUfkvOy9eCnnBaGfiO+XimbjebAeO+MRQqD/B+FR1tnRN0tpKSJHRbE8sFfS6aqsXZ67TQjfwfsxULVbg==",
      "license": "MIT",
      "optional": true,
      "peer": true,
      "dependencies": {
        "@tybys/wasm-util": "^0.10.3"
      },
      "funding": {
        "type": "github",
        "url": "https://github.com/sponsors/Brooooooklyn"
      },
      "peerDependencies": {
        "@emnapi/core": "^1.7.1",
        "@emnapi/runtime": "^1.7.1"
      }
    },
    "node_modules/@rspack/binding": {
      "version": "2.1.8",
      "resolved": "https://registry.npmjs.org/@rspack/binding/-/binding-2.1.8.tgz",
      "integrity": "sha512-tmAyHzDbPiy8V7HvQqtuPsbs6dPgwV0YjzW5XrPRV9gzf+Hdm7pvsZJKE1QKO9WV5RuvGYav98xIX6O+abZxzQ==",
      "license": "MIT",
      "peer": true,
      "optionalDependencies": {
        "@rspack/binding-darwin-arm64": "2.1.8",
        "@rspack/binding-darwin-x64": "2.1.8",
        "@rspack/binding-linux-arm64-gnu": "2.1.8",
        "@rspack/binding-linux-arm64-musl": "2.1.8",
        "@rspack/binding-linux-riscv64-gnu": "2.1.8",
        "@rspack/binding-linux-riscv64-musl": "2.1.8",
        "@rspack/binding-linux-x64-gnu": "2.1.8",
        "@rspack/binding-linux-x64-musl": "2.1.8",
        "@rspack/binding-wasm32-wasi": "2.1.8",
        "@rspack/binding-win32-arm64-msvc": "2.1.8",
        "@rspack/binding-win32-ia32-msvc": "2.1.8",
        "@rspack/binding-win32-x64-msvc": "2.1.8"
      }
    },
    "node_modules/@rspack/binding-darwin-arm64": {
      "version": "2.1.8",
      "resolved": "https://registry.npmjs.org/@rspack/binding-darwin-arm64/-/binding-darwin-arm64-2.1.8.tgz",
      "integrity": "sha512-kia+eWtyWPvR4ntg1bWYoVU8nLPbUg2fG3zgBEocsTcsh5ZENSiEPxEKymDgMyIMONUqj611E0775cdUBoNmqw==",
      "cpu": [
        "arm64"
      ],
      "license": "MIT",
      "optional": true,
      "os": [
        "darwin"
      ],
      "peer": true
    },
    "node_modules/@rspack/binding-darwin-x64": {
      "version": "2.1.8",
      "resolved": "https://registry.npmjs.org/@rspack/binding-darwin-x64/-/binding-darwin-x64-2.1.8.tgz",
      "integrity": "sha512-08pBkFhlD3Y3Qzh94w/Fc3skaIE3e96kl2P14m8+tnYTcglpOfpA2OwS3iHt9fOqy0HjoAVe6/MW3cBgs5iabA==",
      "cpu": [
        "x64"
      ],
      "license": "MIT",
      "optional": true,
      "os": [
        "darwin"
      ],
      "peer": true
    },
    "node_modules/@rspack/binding-linux-arm64-gnu": {
      "version": "2.1.8",
      "resolved": "https://registry.npmjs.org/@rspack/binding-linux-arm64-gnu/-/binding-linux-arm64-gnu-2.1.8.tgz",
      "integrity": "sha512-KLniMc9GzhKpVqhPzaJo3KJwzdAllXVVqZIk/uL1QipXOxs57fgM4u7IexKPFVla0o/u1PQG/Ah2YLDmda24Ow==",
      "cpu": [
        "arm64"
      ],
      "license": "MIT",
      "optional": true,
      "os": [
        "linux"
      ],
      "peer": true
    },
    "node_modules/@rspack/binding-linux-arm64-musl": {
      "version": "2.1.8",
      "resolved": "https://registry.npmjs.org/@rspack/binding-linux-arm64-musl/-/binding-linux-arm64-musl-2.1.8.tgz",
      "integrity": "sha512-yUKAxHNGnICtw5RnxFWu4dHtsz/tdt7rbeFcsINNVre9HcrRxf5XP+FbOGL/SMxd9oM9XCo10paU2WckTKwbEA==",
      "cpu": [
        "arm64"
      ],
      "license": "MIT",
      "optional": true,
      "os": [
        "linux"
      ],
      "peer": true
    },
    "node_modules/@rspack/binding-linux-riscv64-gnu": {
      "version": "2.1.8",
      "resolved": "https://registry.npmjs.org/@rspack/binding-linux-riscv64-gnu/-/binding-linux-riscv64-gnu-2.1.8.tgz",
      "integrity": "sha512-gg4S1jaitwYPHR9HZ3zNGH1EK2GXINm66p4kEpOP1gbc+akyOouVF/dMcu9NGPlRg58FbEhVRZYKu7Z/zcpKHg==",
      "cpu": [
        "riscv64"
      ],
      "license": "MIT",
      "optional": true,
      "os": [
        "linux"
      ],
      "peer": true
    },
    "node_modules/@rspack/binding-linux-riscv64-musl": {
      "version": "2.1.8",
      "resolved": "https://registry.npmjs.org/@rspack/binding-linux-riscv64-musl/-/binding-linux-riscv64-musl-2.1.8.tgz",
      "integrity": "sha512-b/aU5j1h368SLNyz5u+flqpZVhzSZ1UIslaj9sZJuAvqkGWv3xsjc/28/PTo/RYXCxd0FNVAxTxWHKvRiAAS8w==",
      "cpu": [
        "riscv64"
      ],
      "license": "MIT",
      "optional": true,
      "os": [
        "linux"
      ],
      "peer": true
    },
    "node_modules/@rspack/binding-linux-x64-gnu": {
      "version": "2.1.8",
      "resolved": "https://registry.npmjs.org/@rspack/binding-linux-x64-gnu/-/binding-linux-x64-gnu-2.1.8.tgz",
      "integrity": "sha512-EyegohSx0BJRqieCg9f/caCqFARRWkqI5hwJt6k530MoOTLeq8I3vsbeg24/2MktwIC1dmJi8bl0+WhPKQs4eQ==",
      "cpu": [
        "x64"
      ],
      "license": "MIT",
      "optional": true,
      "os": [
        "linux"
      ],
      "peer": true
    },
    "node_modules/@rspack/binding-linux-x64-musl": {
      "version": "2.1.8",
      "resolved": "https://registry.npmjs.org/@rspack/binding-linux-x64-musl/-/binding-linux-x64-musl-2.1.8.tgz",
      "integrity": "sha512-I6E+goN+UQ297q4r1qdbiAyNCI3t0+a5Y0xDIAPOZfRDRxDTnH/LF8/y65gjsJoKRKyn7zxRC0T/NURTkRNQ9A==",
      "cpu": [
        "x64"
      ],
      "license": "MIT",
      "optional": true,
      "os": [
        "linux"
      ],
      "peer": true
    },
    "node_modules/@rspack/binding-wasm32-wasi": {
      "version": "2.1.8",
      "resolved": "https://registry.npmjs.org/@rspack/binding-wasm32-wasi/-/binding-wasm32-wasi-2.1.8.tgz",
      "integrity": "sha512-om7GAKWAU3lcSvbCon2m7mzw8v9OTrO2LW2MZ1lGe/uVJJmwGGkl9HVoXFyWFLrN6YVFyx8iP+AkN4owDWB9Cw==",
      "cpu": [
        "wasm32"
      ],
      "license": "MIT",
      "optional": true,
      "peer": true,
      "dependencies": {
        "@emnapi/core": "1.11.3",
        "@emnapi/runtime": "1.11.3",
        "@napi-rs/wasm-runtime": "1.1.6"
      }
    },
    "node_modules/@rspack/binding-win32-arm64-msvc": {
      "version": "2.1.8",
      "resolved": "https://registry.npmjs.org/@rspack/binding-win32-arm64-msvc/-/binding-win32-arm64-msvc-2.1.8.tgz",
      "integrity": "sha512-WDnsP/SUb9zbxyGX9XjPw5AXrX86u5oidn0MDdfJduOOqdCSpHwmRjlQ8NUJhbBq9WqVJMFlcab7NwZVWX/yyg==",
      "cpu": [
        "arm64"
      ],
      "license": "MIT",
      "optional": true,
      "os": [
        "win32"
      ],
      "peer": true
    },
    "node_modules/@rspack/binding-win32-ia32-msvc": {
      "version": "2.1.8",
      "resolved": "https://registry.npmjs.org/@rspack/binding-win32-ia32-msvc/-/binding-win32-ia32-msvc-2.1.8.tgz",
      "integrity": "sha512-QiMQMPNDiY3dhhaIdaFPzcPDC06cEYkNY89ea+EmDvNVgZq6V+2mFS/WnzZVMeEbGAYJCjsv/ABhhLT1hlYMvg==",
      "cpu": [
        "ia32"
      ],
      "license": "MIT",
      "optional": true,
      "os": [
        "win32"
      ],
      "peer": true
    },
    "node_modules/@rspack/binding-win32-x64-msvc": {
      "version": "2.1.8",
      "resolved": "https://registry.npmjs.org/@rspack/binding-win32-x64-msvc/-/binding-win32-x64-msvc-2.1.8.tgz",
      "integrity": "sha512-b7sA5eB64vo2mbsuc//MOYzVLeCKHPn0dfP/GmNEoHdWbhRgZ/orZLWurYMQj04ELTLW6YCJEy59g5KRzNYHfw==",
      "cpu": [
        "x64"
      ],
      "license": "MIT",
      "optional": true,
      "os": [
        "win32"
      ],
      "peer": true
    },
    "node_modules/@rspack/cli": {
      "version": "2.1.8",
      "resolved": "https://registry.npmjs.org/@rspack/cli/-/cli-2.1.8.tgz",
      "integrity": "sha512-ewcLmPtmjudUVsPsz7LtuJFJObyFf6ShIC4aAvXra1RAnmzsEigSW+xCNSjXP6gXBZVr2Hsg3vWJJlacdDFacg==",
      "license": "MIT",
      "peer": true,
      "bin": {
        "rspack": "bin/rspack.js"
      },
      "peerDependencies": {
        "@rspack/core": "^2.0.0-0",
        "@rspack/dev-server": "^2.0.0-0"
      },
      "peerDependenciesMeta": {
        "@rspack/dev-server": {
          "optional": true
        }
      }
    },
    "node_modules/@rspack/core": {
      "version": "2.1.8",
      "resolved": "https://registry.npmjs.org/@rspack/core/-/core-2.1.8.tgz",
      "integrity": "sha512-na1kyA6Mj8/LWw9O3A8NsrG9rNKN3Iq2WiXrEuIwsU5r/Nl/evm3hO7bWKHxgsRyydI6W7okwx3MXgf8rzel6g==",
      "license": "MIT",
      "peer": true,
      "dependencies": {
        "@rspack/binding": "2.1.8"
      },
      "engines": {
        "node": "^20.19.0 || >=22.12.0"
      },
      "peerDependencies": {
        "@module-federation/runtime-tools": "^0.24.1 || ^2.0.0",
        "@swc/helpers": "^0.5.23"
      },
      "peerDependenciesMeta": {
        "@module-federation/runtime-tools": {
          "optional": true
        },
        "@swc/helpers": {
          "optional": true
        }
      }
    },
    "node_modules/@rspack/dev-middleware": {
      "version": "2.0.3",
      "resolved": "https://registry.npmjs.org/@rspack/dev-middleware/-/dev-middleware-2.0.3.tgz",
      "integrity": "sha512-GxnGj9jy76G3eCPyZei81fwKLAMLZaPEEqFz1/QDYquhwi/qYZX5fekFJ1XVpuwxGEK9KSX3hxZylfwrs4cmLA==",
      "license": "MIT",
      "peer": true,
      "engines": {
        "node": "^20.19.0 || >=22.12.0"
      },
      "peerDependencies": {
        "@rspack/core": "^2.0.0"
      },
      "peerDependenciesMeta": {
        "@rspack/core": {
          "optional": true
        }
      }
    },
    "node_modules/@rspack/dev-server": {
      "version": "2.1.0",
      "resolved": "https://registry.npmjs.org/@rspack/dev-server/-/dev-server-2.1.0.tgz",
      "integrity": "sha512-WkCi6bWThVX5Ziv04srPaRoCoUY5FJolO4gqzE7xPO0XbXShsGnwn0vGD0DFfnYFcw9VSsxlmeCDV799lNYclA==",
      "license": "MIT",
      "peer": true,
      "dependencies": {
        "@rspack/dev-middleware": "^2.0.3"
      },
      "engines": {
        "node": "^20.19.0 || >=22.12.0"
      },
      "peerDependencies": {
        "@rspack/core": "^2.0.0",
        "selfsigned": "^5.0.0"
      },
      "peerDependenciesMeta": {
        "selfsigned": {
          "optional": true
        }
      }
    },
    "node_modules/@swc/core": {
      "version": "1.15.32",
      "resolved": "https://registry.npmjs.org/@swc/core/-/core-1.15.32.tgz",
      "integrity": "sha512-/eWL0n43D64QWEUHLtTE+jDqjkJhyidjkDhv6f0uJohOUAhywxQ9wXYp845DNNds0JpCdI4Uo0a9bl+vbXf+ew==",
      "hasInstallScript": true,
      "license": "Apache-2.0",
      "peer": true,
      "dependencies": {
        "@swc/counter": "^0.1.3",
        "@swc/types": "^0.1.26"
      },
      "engines": {
        "node": ">=10"
      },
      "funding": {
        "type": "opencollective",
        "url": "https://opencollective.com/swc"
      },
      "optionalDependencies": {
        "@swc/core-darwin-arm64": "1.15.32",
        "@swc/core-darwin-x64": "1.15.32",
        "@swc/core-linux-arm-gnueabihf": "1.15.32",
        "@swc/core-linux-arm64-gnu": "1.15.32",
        "@swc/core-linux-arm64-musl": "1.15.32",
        "@swc/core-linux-ppc64-gnu": "1.15.32",
        "@swc/core-linux-s390x-gnu": "1.15.32",
        "@swc/core-linux-x64-gnu": "1.15.32",
        "@swc/core-linux-x64-musl": "1.15.32",
        "@swc/core-win32-arm64-msvc": "1.15.32",
        "@swc/core-win32-ia32-msvc": "1.15.32",
        "@swc/core-win32-x64-msvc": "1.15.32"
      },
      "peerDependencies": {
        "@swc/helpers": ">=0.5.17"
      },
      "peerDependenciesMeta": {
        "@swc/helpers": {
          "optional": true
        }
      }
    },
    "node_modules/@swc/core-darwin-arm64": {
      "version": "1.15.32",
      "resolved": "https://registry.npmjs.org/@swc/core-darwin-arm64/-/core-darwin-arm64-1.15.32.tgz",
      "integrity": "sha512-/YWMvJDPu+AAwuUsM2G+DNQ/7zhodURGzdQyewEqcvgklAdDHs3LwQmLLnyn6SJl8DT8UOxkbzK+D1PmPeelRg==",
      "cpu": [
        "arm64"
      ],
      "license": "Apache-2.0 AND MIT",
      "optional": true,
      "os": [
        "darwin"
      ],
      "peer": true,
      "engines": {
        "node": ">=10"
      }
    },
    "node_modules/@swc/core-darwin-x64": {
      "version": "1.15.32",
      "resolved": "https://registry.npmjs.org/@swc/core-darwin-x64/-/core-darwin-x64-1.15.32.tgz",
      "integrity": "sha512-KOTXJXdAhWL+hZ77MYP3z+4pcMFaQhQ74yqyN1uz093q0YnbxpqMtYpPISbYvMHzVRNNx5kN+9RZAXEaadhWVA==",
      "cpu": [
        "x64"
      ],
      "license": "Apache-2.0 AND MIT",
      "optional": true,
      "os": [
        "darwin"
      ],
      "peer": true,
      "engines": {
        "node": ">=10"
      }
    },
    "node_modules/@swc/core-linux-arm-gnueabihf": {
      "version": "1.15.32",
      "resolved": "https://registry.npmjs.org/@swc/core-linux-arm-gnueabihf/-/core-linux-arm-gnueabihf-1.15.32.tgz",
      "integrity": "sha512-oOoxLweljlc0A4X8ybsgxV7cVaYTwBOg2iMDJcFR3Sr48C+lsv9VzSmqdK/IVIXF4W4GjLc3VqTAdSMXlfVLuQ==",
      "cpu": [
        "arm"
      ],
      "license": "Apache-2.0",
      "optional": true,
      "os": [
        "linux"
      ],
      "peer": true,
      "engines": {
        "node": ">=10"
      }
    },
    "node_modules/@swc/core-linux-arm64-gnu": {
      "version": "1.15.32",
      "resolved": "https://registry.npmjs.org/@swc/core-linux-arm64-gnu/-/core-linux-arm64-gnu-1.15.32.tgz",
      "integrity": "sha512-oDzEkdl6D6BAWdMtU5KGO7y3HR5fJcvByNLyEk9+ugj8nP5Ovb7P4kBcStBXc4MPExFGQryehiINMlmY8HlclA==",
      "cpu": [
        "arm64"
      ],
      "license": "Apache-2.0 AND MIT",
      "optional": true,
      "os": [
        "linux"
      ],
      "peer": true,
      "engines": {
        "node": ">=10"
      }
    },
    "node_modules/@swc/core-linux-arm64-musl": {
      "version": "1.15.32",
      "resolved": "https://registry.npmjs.org/@swc/core-linux-arm64-musl/-/core-linux-arm64-musl-1.15.32.tgz",
      "integrity": "sha512-omcqjoZP/b8D8PuczVoRwJieC6ibj7qIxTftNYokz4/aSmKFHvsd7nIFfPk5ZvtzncbH4AY7+Dkr/Lp2gWxYeA==",
      "cpu": [
        "arm64"
      ],
      "license": "Apache-2.0 AND MIT",
      "optional": true,
      "os": [
        "linux"
      ],
      "peer": true,
      "engines": {
        "node": ">=10"
      }
    },
    "node_modules/@swc/core-linux-ppc64-gnu": {
      "version": "1.15.32",
      "resolved": "https://registry.npmjs.org/@swc/core-linux-ppc64-gnu/-/core-linux-ppc64-gnu-1.15.32.tgz",
      "integrity": "sha512-KGkTMyz/Tbn3PBNu0AVZ4GTDFKnICrYcTiNPZq8DrvK42pnFsf3GNDrIG9E5AtQlTmC0YigkWKmu0eMcfTrmgA==",
      "cpu": [
        "ppc64"
      ],
      "license": "Apache-2.0 AND MIT",
      "optional": true,
      "os": [
        "linux"
      ],
      "peer": true,
      "engines": {
        "node": ">=10"
      }
    },
    "node_modules/@swc/core-linux-s390x-gnu": {
      "version": "1.15.32",
      "resolved": "https://registry.npmjs.org/@swc/core-linux-s390x-gnu/-/core-linux-s390x-gnu-1.15.32.tgz",
      "integrity": "sha512-G3Aa4tVS/3OGZBkoNIwUF9F6RAy+Osb4GOlo62SinLmDiErz/ykmM7KH0wkz6l9kM8jJq1HyAM6atJTUEbBk7g==",
      "cpu": [
        "s390x"
      ],
      "license": "Apache-2.0 AND MIT",
      "optional": true,
      "os": [
        "linux"
      ],
      "peer": true,
      "engines": {
        "node": ">=10"
      }
    },
    "node_modules/@swc/core-linux-x64-gnu": {
      "version": "1.15.32",
      "resolved": "https://registry.npmjs.org/@swc/core-linux-x64-gnu/-/core-linux-x64-gnu-1.15.32.tgz",
      "integrity": "sha512-ERsjfGcj6CBmj3vJnGDO8m8rTvw6RqMcWo1dogOtNx3/+/0+NNpJiXDobJrr1GwInI/BHAEkvSFIH6d2LqPcUQ==",
      "cpu": [
        "x64"
      ],
      "license": "Apache-2.0 AND MIT",
      "optional": true,
      "os": [
        "linux"
      ],
      "peer": true,
      "engines": {
        "node": ">=10"
      }
    },
    "node_modules/@swc/core-linux-x64-musl": {
      "version": "1.15.32",
      "resolved": "https://registry.npmjs.org/@swc/core-linux-x64-musl/-/core-linux-x64-musl-1.15.32.tgz",
      "integrity": "sha512-N4Ggahe/8SUbTX50P6EdhbW9YWcgbZVb52R4cq6MK+zsoMjRq7rGvV5ztA05QnbaCYqMYx8rTY7KAIA3Crdo4Q==",
      "cpu": [
        "x64"
      ],
      "license": "Apache-2.0 AND MIT",
      "optional": true,
      "os": [
        "linux"
      ],
      "peer": true,
      "engines": {
        "node": ">=10"
      }
    },
    "node_modules/@swc/core-win32-arm64-msvc": {
      "version": "1.15.32",
      "resolved": "https://registry.npmjs.org/@swc/core-win32-arm64-msvc/-/core-win32-arm64-msvc-1.15.32.tgz",
      "integrity": "sha512-01yN0o9jvo8xBTP12aPK2wW8b41jmOlGbDDlAnoynotc4pO6xA0zby9f1z6j++qXDpGBttLySq1omgVrlQKYcw==",
      "cpu": [
        "arm64"
      ],
      "license": "Apache-2.0 AND MIT",
      "optional": true,
      "os": [
        "win32"
      ],
      "peer": true,
      "engines": {
        "node": ">=10"
      }
    },
    "node_modules/@swc/core-win32-ia32-msvc": {
      "version": "1.15.32",
      "resolved": "https://registry.npmjs.org/@swc/core-win32-ia32-msvc/-/core-win32-ia32-msvc-1.15.32.tgz",
      "integrity": "sha512-fLagI9XZYNpTcmlqAcp3KBtmj7E19WCmYD80Jxj1Kn5tGNa7yxNLd3NNdWxuZGUPl5iC0/KqZru7g08gF6Fsrw==",
      "cpu": [
        "ia32"
      ],
      "license": "Apache-2.0 AND MIT",
      "optional": true,
      "os": [
        "win32"
      ],
      "peer": true,
      "engines": {
        "node": ">=10"
      }
    },
    "node_modules/@swc/core-win32-x64-msvc": {
      "version": "1.15.32",
      "resolved": "https://registry.npmjs.org/@swc/core-win32-x64-msvc/-/core-win32-x64-msvc-1.15.32.tgz",
      "integrity": "sha512-gbc2bQ/T2CiR+w0OvcVKwLOFAcPZBvmWmolbwpg1E8UrpeC03DGtyMUApOHNXNYWA3SHFrYXCQtosrcMza1YFg==",
      "cpu": [
        "x64"
      ],
      "license": "Apache-2.0 AND MIT",
      "optional": true,
      "os": [
        "win32"
      ],
      "peer": true,
      "engines": {
        "node": ">=10"
      }
    },
    "node_modules/@swc/counter": {
      "version": "0.1.3",
      "resolved": "https://registry.npmjs.org/@swc/counter/-/counter-0.1.3.tgz",
      "integrity": "sha512-e2BR4lsJkkRlKZ/qCHPw9ZaSxc0MVUd7gtbtaB7aMvHeJVYe8sOB8DBZkP2DtISHGSku9sCK6T6cnY0CtXrOCQ==",
      "license": "Apache-2.0",
      "peer": true
    },
    "node_modules/@swc/types": {
      "version": "0.1.26",
      "resolved": "https://registry.npmjs.org/@swc/types/-/types-0.1.26.tgz",
      "integrity": "sha512-lyMwd7WGgG79RS7EERZV3T8wMdmPq3xwyg+1nmAM64kIhx5yl+juO2PYIHb7vTiPgPCj8LYjsNV2T5wiQHUEaw==",
      "license": "Apache-2.0",
      "peer": true,
      "dependencies": {
        "@swc/counter": "^0.1.3"
      }
    },
    "node_modules/@tybys/wasm-util": {
      "version": "0.10.3",
      "resolved": "https://registry.npmjs.org/@tybys/wasm-util/-/wasm-util-0.10.3.tgz",
      "integrity": "sha512-F3fo1MYrRJYL3zER0OUOmkutjr1Vp23m7OsSgp7nq4SP6OqX6C/56XFIPAl5bt3zaBRjmW7SGz3u/6LwFpYcOg==",
      "license": "MIT",
      "optional": true,
      "peer": true,
      "dependencies": {
        "tslib": "^2.4.0"
      }
    },
    "node_modules/fast-deep-equal": {
      "version": "3.1.3",
      "resolved": "https://registry.npmjs.org/fast-deep-equal/-/fast-deep-equal-3.1.3.tgz",
      "integrity": "sha512-f3qQ9oQy9j2AhBe/H9VC91wLmKBCCU/gDOnKNAYG5hswO7BLKj09Hc5HYNz9cGI++xlpDCIgDaitVs03ATR84Q==",
      "license": "MIT"
    },
    "node_modules/ignore-loader": {
      "version": "0.1.2",
      "resolved": "https://registry.npmjs.org/ignore-loader/-/ignore-loader-0.1.2.tgz",
      "integrity": "sha512-yOJQEKrNwoYqrWLS4DcnzM7SEQhRKis5mB+LdKKh4cPmGYlLPR0ozRzHV5jmEk2IxptqJNQA5Cc0gw8Fj12bXA=="
    },
    "node_modules/isomorphic-timers-promises": {
      "version": "1.0.1",
      "resolved": "https://registry.npmjs.org/isomorphic-timers-promises/-/isomorphic-timers-promises-1.0.1.tgz",
      "integrity": "sha512-u4sej9B1LPSxTGKB/HiuzvEQnXH0ECYkSVQU39koSwmFAxhlEAFl9RdTvLv4TOTQUgBS5O3O5fwUxk6byBZ+IQ==",
      "license": "MIT",
      "engines": {
        "node": ">=10"
      }
    },
    "node_modules/rspack-merge": {
      "version": "1.0.1",
      "resolved": "https://registry.npmjs.org/rspack-merge/-/rspack-merge-1.0.1.tgz",
      "integrity": "sha512-W/mzCdxfV+EXOdpfwcLWc2TZ9EYa2LYumAMgpTn27bSEOO0BQz/SA8qfnJRCMkJyNST2URxmwqBmQbh5tLFwsg=="
    },
    "node_modules/semver": {
      "version": "7.7.4",
      "resolved": "https://registry.npmjs.org/semver/-/semver-7.7.4.tgz",
      "integrity": "sha512-vFKC2IEtQnVhpT78h1Yp8wzwrf8CM+MzKMHGJZfBtzhZNycRFnXsHk6E5TxIkkMsgNS7mdX3AGB7x2QM2di4lA==",
      "dev": true,
      "license": "ISC",
      "bin": {
        "semver": "bin/semver.js"
      },
      "engines": {
        "node": ">=10"
      }
    },
    "node_modules/tslib": {
      "version": "2.8.1",
      "resolved": "https://registry.npmjs.org/tslib/-/tslib-2.8.1.tgz",
      "integrity": "sha512-oJFu94HQb+KVduSUQL7wnpmqnfmLsOA/nAh6b6EH0wCEoK0/mPeXU6c3wKDV83MkOuHPRHtSXKKU99IBazS/2w==",
      "license": "0BSD",
      "optional": true,
      "peer": true
    }
  }
}
