{
  "dependencies": {
    "mongodb": {
      "version": "1.4.39",
      "resolved": "https://github.com/meteor/node-mongodb-native/tarball/9c7441e87fbec059dc0b70bbb70734404b994d71",
      "from": "https://github.com/meteor/node-mongodb-native/tarball/9c7441e87fbec059dc0b70bbb70734404b994d71",
      "dependencies": {
        "bson": {
          "version": "0.2.18",
          "resolved": "https://github.com/meteor/js-bson/tarball/0103b53",
          "from": "https://github.com/meteor/js-bson/tarball/0103b53",
          "dependencies": {
            "nan": {
              "version": "1.5.1",
              "resolved": "https://registry.npmjs.org/nan/-/nan-1.5.1.tgz",
              "from": "nan@1.5.1"
            }
          }
        },
        "readable-stream": {
          "version": "2.0.6",
          "resolved": "https://registry.npmjs.org/readable-stream/-/readable-stream-2.0.6.tgz",
          "from": "readable-stream@latest",
          "dependencies": {
            "core-util-is": {
              "version": "1.0.2",
              "resolved": "https://registry.npmjs.org/core-util-is/-/core-util-is-1.0.2.tgz",
              "from": "core-util-is@>=1.0.0 <1.1.0"
            },
            "inherits": {
              "version": "2.0.1",
              "resolved": "https://registry.npmjs.org/inherits/-/inherits-2.0.1.tgz",
              "from": "inherits@>=2.0.1 <2.1.0"
            },
            "isarray": {
              "version": "1.0.0",
              "resolved": "https://registry.npmjs.org/isarray/-/isarray-1.0.0.tgz",
              "from": "isarray@>=1.0.0 <1.1.0"
            },
            "process-nextick-args": {
              "version": "1.0.6",
              "resolved": "https://registry.npmjs.org/process-nextick-args/-/process-nextick-args-1.0.6.tgz",
              "from": "process-nextick-args@>=1.0.6 <1.1.0"
            },
            "string_decoder": {
              "version": "0.10.31",
              "resolved": "https://registry.npmjs.org/string_decoder/-/string_decoder-0.10.31.tgz",
              "from": "string_decoder@>=0.10.0 <0.11.0"
            },
            "util-deprecate": {
              "version": "1.0.2",
              "resolved": "https://registry.npmjs.org/util-deprecate/-/util-deprecate-1.0.2.tgz",
              "from": "util-deprecate@>=1.0.1 <1.1.0"
            }
          }
        }
      }
    }
  }
}
