{
  "lockfileVersion": 4,
  "dependencies": {
    "@aws-crypto/crc32": {
      "version": "3.0.0",
      "resolved": "https://registry.npmjs.org/@aws-crypto/crc32/-/crc32-3.0.0.tgz",
      "integrity": "sha512-IzSgsrxUcsrejQbPVilIKy16kAT52EwB6zSaI+M3xxIhKh5+aldEyvI+z6erM7TCLB2BJsFrtHjp6/4/sr+3dA==",
      "dependencies": {
        "tslib": {
          "version": "1.14.1",
          "resolved": "https://registry.npmjs.org/tslib/-/tslib-1.14.1.tgz",
          "integrity": "sha512-Xni35NKzjgMrwevysHTCArtLDpPvye8zV/0E4EyYn43P7/7qvQwPh9BGkHewbMulVntbigmcT7rdX3BNo9wRJg=="
        }
      }
    },
    "@aws-crypto/ie11-detection": {
      "version": "3.0.0",
      "resolved": "https://registry.npmjs.org/@aws-crypto/ie11-detection/-/ie11-detection-3.0.0.tgz",
      "integrity": "sha512-341lBBkiY1DfDNKai/wXM3aujNBkXR7tq1URPQDL9wi3AUbI80NR74uF1TXHMm7po1AcnFk8iu2S2IeU/+/A+Q==",
      "dependencies": {
        "tslib": {
          "version": "1.14.1",
          "resolved": "https://registry.npmjs.org/tslib/-/tslib-1.14.1.tgz",
          "integrity": "sha512-Xni35NKzjgMrwevysHTCArtLDpPvye8zV/0E4EyYn43P7/7qvQwPh9BGkHewbMulVntbigmcT7rdX3BNo9wRJg=="
        }
      }
    },
    "@aws-crypto/sha256-browser": {
      "version": "3.0.0",
      "resolved": "https://registry.npmjs.org/@aws-crypto/sha256-browser/-/sha256-browser-3.0.0.tgz",
      "integrity": "sha512-8VLmW2B+gjFbU5uMeqtQM6Nj0/F1bro80xQXCW6CQBWgosFWXTx77aeOF5CAIAmbOK64SdMBJdNr6J41yP5mvQ==",
      "dependencies": {
        "tslib": {
          "version": "1.14.1",
          "resolved": "https://registry.npmjs.org/tslib/-/tslib-1.14.1.tgz",
          "integrity": "sha512-Xni35NKzjgMrwevysHTCArtLDpPvye8zV/0E4EyYn43P7/7qvQwPh9BGkHewbMulVntbigmcT7rdX3BNo9wRJg=="
        }
      }
    },
    "@aws-crypto/sha256-js": {
      "version": "3.0.0",
      "resolved": "https://registry.npmjs.org/@aws-crypto/sha256-js/-/sha256-js-3.0.0.tgz",
      "integrity": "sha512-PnNN7os0+yd1XvXAy23CFOmTbMaDxgxXtTKHybrJ39Y8kGzBATgBFibWJKH6BhytLI/Zyszs87xCOBNyBig6vQ==",
      "dependencies": {
        "tslib": {
          "version": "1.14.1",
          "resolved": "https://registry.npmjs.org/tslib/-/tslib-1.14.1.tgz",
          "integrity": "sha512-Xni35NKzjgMrwevysHTCArtLDpPvye8zV/0E4EyYn43P7/7qvQwPh9BGkHewbMulVntbigmcT7rdX3BNo9wRJg=="
        }
      }
    },
    "@aws-crypto/supports-web-crypto": {
      "version": "3.0.0",
      "resolved": "https://registry.npmjs.org/@aws-crypto/supports-web-crypto/-/supports-web-crypto-3.0.0.tgz",
      "integrity": "sha512-06hBdMwUAb2WFTuGG73LSC0wfPu93xWwo5vL2et9eymgmu3Id5vFAHBbajVWiGhPO37qcsdCap/FqXvJGJWPIg==",
      "dependencies": {
        "tslib": {
          "version": "1.14.1",
          "resolved": "https://registry.npmjs.org/tslib/-/tslib-1.14.1.tgz",
          "integrity": "sha512-Xni35NKzjgMrwevysHTCArtLDpPvye8zV/0E4EyYn43P7/7qvQwPh9BGkHewbMulVntbigmcT7rdX3BNo9wRJg=="
        }
      }
    },
    "@aws-crypto/util": {
      "version": "3.0.0",
      "resolved": "https://registry.npmjs.org/@aws-crypto/util/-/util-3.0.0.tgz",
      "integrity": "sha512-2OJlpeJpCR48CC8r+uKVChzs9Iungj9wkZrl8Z041DWEWvyIHILYKCPNzJghKsivj+S3mLo6BVc7mBNzdxA46w==",
      "dependencies": {
        "tslib": {
          "version": "1.14.1",
          "resolved": "https://registry.npmjs.org/tslib/-/tslib-1.14.1.tgz",
          "integrity": "sha512-Xni35NKzjgMrwevysHTCArtLDpPvye8zV/0E4EyYn43P7/7qvQwPh9BGkHewbMulVntbigmcT7rdX3BNo9wRJg=="
        }
      }
    },
    "@aws-sdk/client-cognito-identity": {
      "version": "3.485.0",
      "resolved": "https://registry.npmjs.org/@aws-sdk/client-cognito-identity/-/client-cognito-identity-3.485.0.tgz",
      "integrity": "sha512-1SYhvRu/dNqQ5HcIgm7wIpyn1FsthbgG04o6QyVAnfOxmawFt4nqCEtNCwsmlX7o1ZCTYY+qNrozb7XZy+GKSQ=="
    },
    "@aws-sdk/client-sso": {
      "version": "3.485.0",
      "resolved": "https://registry.npmjs.org/@aws-sdk/client-sso/-/client-sso-3.485.0.tgz",
      "integrity": "sha512-apN2bEn0PZs0jD4jAfvwO3dlWqw9YIQJ6TAudM1bd3S5vzWqlBBcLfQpK6taHoQaI+WqgUWXLuOf7gRFbGXKPg=="
    },
    "@aws-sdk/client-sts": {
      "version": "3.485.0",
      "resolved": "https://registry.npmjs.org/@aws-sdk/client-sts/-/client-sts-3.485.0.tgz",
      "integrity": "sha512-PI4q36kVF0fpIPZyeQhrwwJZ6SRkOGvU3rX5Qn4b5UY5X+Ct1aLhqSX8/OB372UZIcnh6eSvERu8POHleDO7Jw=="
    },
    "@aws-sdk/core": {
      "version": "3.485.0",
      "resolved": "https://registry.npmjs.org/@aws-sdk/core/-/core-3.485.0.tgz",
      "integrity": "sha512-Yvi80DQcbjkYCft471ClE3HuetuNVqntCs6eFOomDcrJaqdOFrXv2kJAxky84MRA/xb7bGlDGAPbTuj1ICputg=="
    },
    "@aws-sdk/credential-provider-cognito-identity": {
      "version": "3.485.0",
      "resolved": "https://registry.npmjs.org/@aws-sdk/credential-provider-cognito-identity/-/credential-provider-cognito-identity-3.485.0.tgz",
      "integrity": "sha512-XIy5h1AcDiY3V286X7KrLA5HAxLfzLGrUGBPFY+GTJGYetDhlJwFz12q6BOkIfeAhUbT2Umb4ptujX9eqpZJHQ=="
    },
    "@aws-sdk/credential-provider-env": {
      "version": "3.485.0",
      "resolved": "https://registry.npmjs.org/@aws-sdk/credential-provider-env/-/credential-provider-env-3.485.0.tgz",
      "integrity": "sha512-3XkFgwVU1XOB33dV7t9BKJ/ptdl2iS+0dxE7ecq8aqT2/gsfKmLCae1G17P8WmdD3z0kMDTvnqM2aWgUnSOkmg=="
    },
    "@aws-sdk/credential-provider-http": {
      "version": "3.485.0",
      "resolved": "https://registry.npmjs.org/@aws-sdk/credential-provider-http/-/credential-provider-http-3.485.0.tgz",
      "integrity": "sha512-2/2Y3Z7cpKf8vbQ+FzoBPxRyb0hGJZB1YrnH7hptVi5gSVe1NiwV5ZtsDnv4cwUfOBqEu97nMXw5IrRO26S0DA=="
    },
    "@aws-sdk/credential-provider-ini": {
      "version": "3.485.0",
      "resolved": "https://registry.npmjs.org/@aws-sdk/credential-provider-ini/-/credential-provider-ini-3.485.0.tgz",
      "integrity": "sha512-cFYF/Bdw7EnT4viSxYpNIv3IBkri/Yb+JpQXl8uDq7bfVJfAN5qZmK07vRkg08xL6TC4F41wshhMSAucGdTwIw=="
    },
    "@aws-sdk/credential-provider-node": {
      "version": "3.485.0",
      "resolved": "https://registry.npmjs.org/@aws-sdk/credential-provider-node/-/credential-provider-node-3.485.0.tgz",
      "integrity": "sha512-2DwzO2azkSzngifKDT61W/DL0tSzewuaFHiLJWdfc8Et3mdAQJ9x3KAj8u7XFpjIcGNqk7FiKjN+zeGUuNiEhA=="
    },
    "@aws-sdk/credential-provider-process": {
      "version": "3.485.0",
      "resolved": "https://registry.npmjs.org/@aws-sdk/credential-provider-process/-/credential-provider-process-3.485.0.tgz",
      "integrity": "sha512-X9qS6ZO/rDKYDgWqD1YmSX7sAUUHax9HbXlgGiTTdtfhZvQh1ZmnH6wiPu5WNliafHZFtZT2W07kgrDLPld/Ug=="
    },
    "@aws-sdk/credential-provider-sso": {
      "version": "3.485.0",
      "resolved": "https://registry.npmjs.org/@aws-sdk/credential-provider-sso/-/credential-provider-sso-3.485.0.tgz",
      "integrity": "sha512-l0oC8GTrWh+LFQQfSmG1Jai1PX7Mhj9arb/CaS1/tmeZE0hgIXW++tvljYs/Dds4LGXUlaWG+P7BrObf6OyIXA=="
    },
    "@aws-sdk/credential-provider-web-identity": {
      "version": "3.485.0",
      "resolved": "https://registry.npmjs.org/@aws-sdk/credential-provider-web-identity/-/credential-provider-web-identity-3.485.0.tgz",
      "integrity": "sha512-WpBFZFE0iXtnibH5POMEKITj/hR0YV5l2n9p8BEvKjdJ63s3Xke1RN20ZdIyKDaRDwj8adnKDgNPEnAKdS4kLw=="
    },
    "@aws-sdk/credential-providers": {
      "version": "3.485.0",
      "resolved": "https://registry.npmjs.org/@aws-sdk/credential-providers/-/credential-providers-3.485.0.tgz",
      "integrity": "sha512-SpGEmiVr+C9Dtc5tZFfFYXSNxbl1jShLlyZPWERHBn4QwGvdXcgPB96I0yvUuitBKrM0winHsCWH7CR/z24kmg=="
    },
    "@aws-sdk/middleware-host-header": {
      "version": "3.485.0",
      "resolved": "https://registry.npmjs.org/@aws-sdk/middleware-host-header/-/middleware-host-header-3.485.0.tgz",
      "integrity": "sha512-1mAUX9dQNGo2RIKseVj7SI/D5abQJQ/Os8hQ0NyVAyyVYF+Yjx5PphKgfhM5yoBwuwZUl6q71XPYEGNx7be6SA=="
    },
    "@aws-sdk/middleware-logger": {
      "version": "3.485.0",
      "resolved": "https://registry.npmjs.org/@aws-sdk/middleware-logger/-/middleware-logger-3.485.0.tgz",
      "integrity": "sha512-O8IgJ0LHi5wTs5GlpI7nqmmSSagkVdd1shpGgQWY2h0kMSCII8CJZHBG97dlFFpGTvx5EDlhPNek7rl/6F4dRw=="
    },
    "@aws-sdk/middleware-recursion-detection": {
      "version": "3.485.0",
      "resolved": "https://registry.npmjs.org/@aws-sdk/middleware-recursion-detection/-/middleware-recursion-detection-3.485.0.tgz",
      "integrity": "sha512-ZeVNATGNFcqkWDut3luVszROTUzkU5u+rJpB/xmeMoenlDAjPRiHt/ca3WkI5wAnIJ1VSNGpD2sOFLMCH+EWag=="
    },
    "@aws-sdk/middleware-signing": {
      "version": "3.485.0",
      "resolved": "https://registry.npmjs.org/@aws-sdk/middleware-signing/-/middleware-signing-3.485.0.tgz",
      "integrity": "sha512-41xzT2p1sOibhsLkdE5rwPJkNbBtKD8Gp36/ySfu0KE415wfXKacElSVxAaBw39/j7iSWDYqqybeEYbAzk+3GQ=="
    },
    "@aws-sdk/middleware-user-agent": {
      "version": "3.485.0",
      "resolved": "https://registry.npmjs.org/@aws-sdk/middleware-user-agent/-/middleware-user-agent-3.485.0.tgz",
      "integrity": "sha512-CddCVOn+OPQ0CcchketIg+WF6v+MDLAf3GOYTR2htUxxIm7HABuRd6R3kvQ5Jny9CV8gMt22G1UZITsFexSJlQ=="
    },
    "@aws-sdk/region-config-resolver": {
      "version": "3.485.0",
      "resolved": "https://registry.npmjs.org/@aws-sdk/region-config-resolver/-/region-config-resolver-3.485.0.tgz",
      "integrity": "sha512-2FB2EQ0sIE+YgFqGtkE1lDIMIL6nYe6MkOHBwBM7bommadKIrbbr2L22bPZGs3ReTsxiJabjzxbuCAVhrpHmhg=="
    },
    "@aws-sdk/token-providers": {
      "version": "3.485.0",
      "resolved": "https://registry.npmjs.org/@aws-sdk/token-providers/-/token-providers-3.485.0.tgz",
      "integrity": "sha512-kOXA1WKIVIFNRqHL8ynVZ3hCKLsgnEmGr2iDR6agDNw5fYIlCO/6N2xR6QdGcLTvUUbwOlz4OvKLUQnWMKAnnA=="
    },
    "@aws-sdk/types": {
      "version": "3.485.0",
      "resolved": "https://registry.npmjs.org/@aws-sdk/types/-/types-3.485.0.tgz",
      "integrity": "sha512-+QW32YQdvZRDOwrAQPo/qCyXoSjgXB6RwJwCwkd8ebJXRXw6tmGKIHaZqYHt/LtBymvnaBgBBADNa4+qFvlOFw=="
    },
    "@aws-sdk/util-endpoints": {
      "version": "3.485.0",
      "resolved": "https://registry.npmjs.org/@aws-sdk/util-endpoints/-/util-endpoints-3.485.0.tgz",
      "integrity": "sha512-dTd642F7nJisApF8YjniqQ6U59CP/DCtar11fXf1nG9YNBCBsNNVw5ZfZb5nSNzaIdy27mQioWTCV18JEj1mxg=="
    },
    "@aws-sdk/util-locate-window": {
      "version": "3.465.0",
      "resolved": "https://registry.npmjs.org/@aws-sdk/util-locate-window/-/util-locate-window-3.465.0.tgz",
      "integrity": "sha512-f+QNcWGswredzC1ExNAB/QzODlxwaTdXkNT5cvke2RLX8SFU5pYk6h4uCtWC0vWPELzOfMfloBrJefBzlarhsw=="
    },
    "@aws-sdk/util-user-agent-browser": {
      "version": "3.485.0",
      "resolved": "https://registry.npmjs.org/@aws-sdk/util-user-agent-browser/-/util-user-agent-browser-3.485.0.tgz",
      "integrity": "sha512-QliWbjg0uOhGTcWgWTKPMY0SBi07g253DjwrCINT1auqDrdQPxa10xozpZExBYjAK2KuhYDNUzni127ae6MHOw=="
    },
    "@aws-sdk/util-user-agent-node": {
      "version": "3.485.0",
      "resolved": "https://registry.npmjs.org/@aws-sdk/util-user-agent-node/-/util-user-agent-node-3.485.0.tgz",
      "integrity": "sha512-QF+aQ9jnDlPUlFBxBRqOylPf86xQuD3aEPpOErR+50qJawVvKa94uiAFdvtI9jv6hnRZmuFsTj2rsyytnbAYBA=="
    },
    "@aws-sdk/util-utf8-browser": {
      "version": "3.259.0",
      "resolved": "https://registry.npmjs.org/@aws-sdk/util-utf8-browser/-/util-utf8-browser-3.259.0.tgz",
      "integrity": "sha512-UvFa/vR+e19XookZF8RzFZBrw2EUkQWxiBW0yYQAhvk3C+QVGl0H3ouca8LDBlBfQKXwmW3huo/59H8rwb1wJw=="
    },
    "@smithy/abort-controller": {
      "version": "2.0.16",
      "resolved": "https://registry.npmjs.org/@smithy/abort-controller/-/abort-controller-2.0.16.tgz",
      "integrity": "sha512-4foO7738k8kM9flMHu3VLabqu7nPgvIj8TB909S0CnKx0YZz/dcDH3pZ/4JHdatfxlZdKF1JWOYCw9+v3HVVsw=="
    },
    "@smithy/config-resolver": {
      "version": "2.0.23",
      "resolved": "https://registry.npmjs.org/@smithy/config-resolver/-/config-resolver-2.0.23.tgz",
      "integrity": "sha512-XakUqgtP2YY8Mi+Nlif5BiqJgWdvfxJafSpOSQeCOMizu+PUhE4fBQSy6xFcR+eInrwVadaABNxoJyGUMn15ew=="
    },
    "@smithy/core": {
      "version": "1.2.2",
      "resolved": "https://registry.npmjs.org/@smithy/core/-/core-1.2.2.tgz",
      "integrity": "sha512-uLjrskLT+mWb0emTR5QaiAIxVEU7ndpptDaVDrTwwhD+RjvHhjIiGQ3YL5jKk1a5VSDQUA2RGkXvJ6XKRcz6Dg=="
    },
    "@smithy/credential-provider-imds": {
      "version": "2.1.5",
      "resolved": "https://registry.npmjs.org/@smithy/credential-provider-imds/-/credential-provider-imds-2.1.5.tgz",
      "integrity": "sha512-VfvE6Wg1MUWwpTZFBnUD7zxvPhLY8jlHCzu6bCjlIYoWgXCDzZAML76IlZUEf45nib3rjehnFgg0s1rgsuN/bg=="
    },
    "@smithy/eventstream-codec": {
      "version": "2.0.16",
      "resolved": "https://registry.npmjs.org/@smithy/eventstream-codec/-/eventstream-codec-2.0.16.tgz",
      "integrity": "sha512-umYh5pdCE9GHgiMAH49zu9wXWZKNHHdKPm/lK22WYISTjqu29SepmpWNmPiBLy/yUu4HFEGJHIFrDWhbDlApaw=="
    },
    "@smithy/fetch-http-handler": {
      "version": "2.3.2",
      "resolved": "https://registry.npmjs.org/@smithy/fetch-http-handler/-/fetch-http-handler-2.3.2.tgz",
      "integrity": "sha512-O9R/OlnAOTsnysuSDjt0v2q6DcSvCz5cCFC/CFAWWcLyBwJDeFyGTCTszgpQTb19+Fi8uRwZE5/3ziAQBFeDMQ=="
    },
    "@smithy/hash-node": {
      "version": "2.0.18",
      "resolved": "https://registry.npmjs.org/@smithy/hash-node/-/hash-node-2.0.18.tgz",
      "integrity": "sha512-gN2JFvAgnZCyDN9rJgcejfpK0uPPJrSortVVVVWsru9whS7eQey6+gj2eM5ln2i6rHNntIXzal1Fm9XOPuoaKA=="
    },
    "@smithy/invalid-dependency": {
      "version": "2.0.16",
      "resolved": "https://registry.npmjs.org/@smithy/invalid-dependency/-/invalid-dependency-2.0.16.tgz",
      "integrity": "sha512-apEHakT/kmpNo1VFHP4W/cjfeP9U0x5qvfsLJubgp7UM/gq4qYp0GbqdE7QhsjUaYvEnrftRqs7+YrtWreV0wA=="
    },
    "@smithy/is-array-buffer": {
      "version": "2.0.0",
      "resolved": "https://registry.npmjs.org/@smithy/is-array-buffer/-/is-array-buffer-2.0.0.tgz",
      "integrity": "sha512-z3PjFjMyZNI98JFRJi/U0nGoLWMSJlDjAW4QUX2WNZLas5C0CmVV6LJ01JI0k90l7FvpmixjWxPFmENSClQ7ug=="
    },
    "@smithy/middleware-content-length": {
      "version": "2.0.18",
      "resolved": "https://registry.npmjs.org/@smithy/middleware-content-length/-/middleware-content-length-2.0.18.tgz",
      "integrity": "sha512-ZJ9uKPTfxYheTKSKYB+GCvcj+izw9WGzRLhjn8n254q0jWLojUzn7Vw0l4R/Gq7Wdpf/qmk/ptD+6CCXHNVCaw=="
    },
    "@smithy/middleware-endpoint": {
      "version": "2.3.0",
      "resolved": "https://registry.npmjs.org/@smithy/middleware-endpoint/-/middleware-endpoint-2.3.0.tgz",
      "integrity": "sha512-VsOAG2YQ8ykjSmKO+CIXdJBIWFo6AAvG6Iw95BakBTqk66/4BI7XyqLevoNSq/lZ6NgZv24sLmrcIN+fLDWBCg=="
    },
    "@smithy/middleware-retry": {
      "version": "2.0.26",
      "resolved": "https://registry.npmjs.org/@smithy/middleware-retry/-/middleware-retry-2.0.26.tgz",
      "integrity": "sha512-Qzpxo0U5jfNiq9iD38U3e2bheXwvTEX4eue9xruIvEgh+UKq6dKuGqcB66oBDV7TD/mfoJi9Q/VmaiqwWbEp7A=="
    },
    "@smithy/middleware-serde": {
      "version": "2.0.16",
      "resolved": "https://registry.npmjs.org/@smithy/middleware-serde/-/middleware-serde-2.0.16.tgz",
      "integrity": "sha512-5EAd4t30pcc4M8TSSGq7q/x5IKrxfXR5+SrU4bgxNy7RPHQo2PSWBUco9C+D9Tfqp/JZvprRpK42dnupZafk2g=="
    },
    "@smithy/middleware-stack": {
      "version": "2.0.10",
      "resolved": "https://registry.npmjs.org/@smithy/middleware-stack/-/middleware-stack-2.0.10.tgz",
      "integrity": "sha512-I2rbxctNq9FAPPEcuA1ntZxkTKOPQFy7YBPOaD/MLg1zCvzv21CoNxR0py6J8ZVC35l4qE4nhxB0f7TF5/+Ldw=="
    },
    "@smithy/node-config-provider": {
      "version": "2.1.9",
      "resolved": "https://registry.npmjs.org/@smithy/node-config-provider/-/node-config-provider-2.1.9.tgz",
      "integrity": "sha512-tUyW/9xrRy+s7RXkmQhgYkAPMpTIF8izK4orhHjNFEKR3QZiOCbWB546Y8iB/Fpbm3O9+q0Af9rpywLKJOwtaQ=="
    },
    "@smithy/node-http-handler": {
      "version": "2.2.2",
      "resolved": "https://registry.npmjs.org/@smithy/node-http-handler/-/node-http-handler-2.2.2.tgz",
      "integrity": "sha512-XO58TO/Eul/IBQKFKaaBtXJi0ItEQQCT+NI4IiKHCY/4KtqaUT6y/wC1EvDqlA9cP7Dyjdj7FdPs4DyynH3u7g=="
    },
    "@smithy/property-provider": {
      "version": "2.0.17",
      "resolved": "https://registry.npmjs.org/@smithy/property-provider/-/property-provider-2.0.17.tgz",
      "integrity": "sha512-+VkeZbVu7qtQ2DjI48Qwaf9fPOr3gZIwxQpuLJgRRSkWsdSvmaTCxI3gzRFKePB63Ts9r4yjn4HkxSCSkdWmcQ=="
    },
    "@smithy/protocol-http": {
      "version": "3.0.12",
      "resolved": "https://registry.npmjs.org/@smithy/protocol-http/-/protocol-http-3.0.12.tgz",
      "integrity": "sha512-Xz4iaqLiaBfbQpB9Hgi3VcZYbP7xRDXYhd8XWChh4v94uw7qwmvlxdU5yxzfm6ACJM66phHrTbS5TVvj5uQ72w=="
    },
    "@smithy/querystring-builder": {
      "version": "2.0.16",
      "resolved": "https://registry.npmjs.org/@smithy/querystring-builder/-/querystring-builder-2.0.16.tgz",
      "integrity": "sha512-Q/GsJT0C0mijXMRs7YhZLLCP5FcuC4797lYjKQkME5CZohnLC4bEhylAd2QcD3gbMKNjCw8+T2I27WKiV/wToA=="
    },
    "@smithy/querystring-parser": {
      "version": "2.0.16",
      "resolved": "https://registry.npmjs.org/@smithy/querystring-parser/-/querystring-parser-2.0.16.tgz",
      "integrity": "sha512-c4ueAuL6BDYKWpkubjrQthZKoC3L5kql5O++ovekNxiexRXTlLIVlCR4q3KziOktLIw66EU9SQljPXd/oN6Okg=="
    },
    "@smithy/service-error-classification": {
      "version": "2.0.9",
      "resolved": "https://registry.npmjs.org/@smithy/service-error-classification/-/service-error-classification-2.0.9.tgz",
      "integrity": "sha512-0K+8GvtwI7VkGmmInPydM2XZyBfIqLIbfR7mDQ+oPiz8mIinuHbV6sxOLdvX1Jv/myk7XTK9orgt3tuEpBu/zg=="
    },
    "@smithy/shared-ini-file-loader": {
      "version": "2.2.8",
      "resolved": "https://registry.npmjs.org/@smithy/shared-ini-file-loader/-/shared-ini-file-loader-2.2.8.tgz",
      "integrity": "sha512-E62byatbwSWrtq9RJ7xN40tqrRKDGrEL4EluyNpaIDvfvet06a/QC58oHw2FgVaEgkj0tXZPjZaKrhPfpoU0qw=="
    },
    "@smithy/signature-v4": {
      "version": "2.0.19",
      "resolved": "https://registry.npmjs.org/@smithy/signature-v4/-/signature-v4-2.0.19.tgz",
      "integrity": "sha512-nwc3JihdM+kcJjtORv/n7qRHN2Kfh7S2RJI2qr8pz9UcY5TD8rSCRGQ0g81HgyS3jZ5X9U/L4p014P3FonBPhg=="
    },
    "@smithy/smithy-client": {
      "version": "2.2.1",
      "resolved": "https://registry.npmjs.org/@smithy/smithy-client/-/smithy-client-2.2.1.tgz",
      "integrity": "sha512-SpD7FLK92XV2fon2hMotaNDa2w5VAy5/uVjP9WFmjGSgWM8pTPVkHcDl1yFs5Z8LYbij0FSz+DbCBK6i+uXXUA=="
    },
    "@smithy/types": {
      "version": "2.8.0",
      "resolved": "https://registry.npmjs.org/@smithy/types/-/types-2.8.0.tgz",
      "integrity": "sha512-h9sz24cFgt/W1Re22OlhQKmUZkNh244ApgRsUDYinqF8R+QgcsBIX344u2j61TPshsTz3CvL6HYU1DnQdsSrHA=="
    },
    "@smithy/url-parser": {
      "version": "2.0.16",
      "resolved": "https://registry.npmjs.org/@smithy/url-parser/-/url-parser-2.0.16.tgz",
      "integrity": "sha512-Wfz5WqAoRT91TjRy1JeLR0fXtkIXHGsMbgzKFTx7E68SrZ55TB8xoG+vm11Ru4gheFTMXjAjwAxv1jQdC+pAQA=="
    },
    "@smithy/util-base64": {
      "version": "2.0.1",
      "resolved": "https://registry.npmjs.org/@smithy/util-base64/-/util-base64-2.0.1.tgz",
      "integrity": "sha512-DlI6XFYDMsIVN+GH9JtcRp3j02JEVuWIn/QOZisVzpIAprdsxGveFed0bjbMRCqmIFe8uetn5rxzNrBtIGrPIQ=="
    },
    "@smithy/util-body-length-browser": {
      "version": "2.0.1",
      "resolved": "https://registry.npmjs.org/@smithy/util-body-length-browser/-/util-body-length-browser-2.0.1.tgz",
      "integrity": "sha512-NXYp3ttgUlwkaug4bjBzJ5+yIbUbUx8VsSLuHZROQpoik+gRkIBeEG9MPVYfvPNpuXb/puqodeeUXcKFe7BLOQ=="
    },
    "@smithy/util-body-length-node": {
      "version": "2.1.0",
      "resolved": "https://registry.npmjs.org/@smithy/util-body-length-node/-/util-body-length-node-2.1.0.tgz",
      "integrity": "sha512-/li0/kj/y3fQ3vyzn36NTLGmUwAICb7Jbe/CsWCktW363gh1MOcpEcSO3mJ344Gv2dqz8YJCLQpb6hju/0qOWw=="
    },
    "@smithy/util-buffer-from": {
      "version": "2.0.0",
      "resolved": "https://registry.npmjs.org/@smithy/util-buffer-from/-/util-buffer-from-2.0.0.tgz",
      "integrity": "sha512-/YNnLoHsR+4W4Vf2wL5lGv0ksg8Bmk3GEGxn2vEQt52AQaPSCuaO5PM5VM7lP1K9qHRKHwrPGktqVoAHKWHxzw=="
    },
    "@smithy/util-config-provider": {
      "version": "2.1.0",
      "resolved": "https://registry.npmjs.org/@smithy/util-config-provider/-/util-config-provider-2.1.0.tgz",
      "integrity": "sha512-S6V0JvvhQgFSGLcJeT1CBsaTR03MM8qTuxMH9WPCCddlSo2W0V5jIHimHtIQALMLEDPGQ0ROSRr/dU0O+mxiQg=="
    },
    "@smithy/util-defaults-mode-browser": {
      "version": "2.0.24",
      "resolved": "https://registry.npmjs.org/@smithy/util-defaults-mode-browser/-/util-defaults-mode-browser-2.0.24.tgz",
      "integrity": "sha512-TsP5mBuLgO2C21+laNG2nHYZEyUdkbGURv2tHvSuQQxLz952MegX95uwdxOY2jR2H4GoKuVRfdJq7w4eIjGYeg=="
    },
    "@smithy/util-defaults-mode-node": {
      "version": "2.0.32",
      "resolved": "https://registry.npmjs.org/@smithy/util-defaults-mode-node/-/util-defaults-mode-node-2.0.32.tgz",
      "integrity": "sha512-d0S33dXA2cq1NyorVMroMrEtqKMr3MlyLITcfTBf9pXiigYiPMOtbSI7czHIfDbuVuM89Cg0urAgpt73QV9mPQ=="
    },
    "@smithy/util-endpoints": {
      "version": "1.0.8",
      "resolved": "https://registry.npmjs.org/@smithy/util-endpoints/-/util-endpoints-1.0.8.tgz",
      "integrity": "sha512-l8zVuyZZ61IzZBYp5NWvsAhbaAjYkt0xg9R4xUASkg5SEeTT2meHOJwJHctKMFUXe4QZbn9fR2MaBYjP2119+w=="
    },
    "@smithy/util-hex-encoding": {
      "version": "2.0.0",
      "resolved": "https://registry.npmjs.org/@smithy/util-hex-encoding/-/util-hex-encoding-2.0.0.tgz",
      "integrity": "sha512-c5xY+NUnFqG6d7HFh1IFfrm3mGl29lC+vF+geHv4ToiuJCBmIfzx6IeHLg+OgRdPFKDXIw6pvi+p3CsscaMcMA=="
    },
    "@smithy/util-middleware": {
      "version": "2.0.9",
      "resolved": "https://registry.npmjs.org/@smithy/util-middleware/-/util-middleware-2.0.9.tgz",
      "integrity": "sha512-PnCnBJ07noMX1lMDTEefmxSlusWJUiLfrme++MfK5TD0xz8NYmakgoXy5zkF/16zKGmiwOeKAztWT/Vjk1KRIQ=="
    },
    "@smithy/util-retry": {
      "version": "2.0.9",
      "resolved": "https://registry.npmjs.org/@smithy/util-retry/-/util-retry-2.0.9.tgz",
      "integrity": "sha512-46BFWe9RqB6g7f4mxm3W3HlqknqQQmWHKlhoqSFZuGNuiDU5KqmpebMbvC3tjTlUkqn4xa2Z7s3Hwb0HNs5scw=="
    },
    "@smithy/util-stream": {
      "version": "2.0.24",
      "resolved": "https://registry.npmjs.org/@smithy/util-stream/-/util-stream-2.0.24.tgz",
      "integrity": "sha512-hRpbcRrOxDriMVmbya+Mv77VZVupxRAsfxVDKS54XuiURhdiwCUXJP0X1iJhHinuUf6n8pBF0MkG9C8VooMnWw=="
    },
    "@smithy/util-uri-escape": {
      "version": "2.0.0",
      "resolved": "https://registry.npmjs.org/@smithy/util-uri-escape/-/util-uri-escape-2.0.0.tgz",
      "integrity": "sha512-ebkxsqinSdEooQduuk9CbKcI+wheijxEb3utGXkCoYQkJnwTnLbH1JXGimJtUkQwNQbsbuYwG2+aFVyZf5TLaw=="
    },
    "@smithy/util-utf8": {
      "version": "2.0.2",
      "resolved": "https://registry.npmjs.org/@smithy/util-utf8/-/util-utf8-2.0.2.tgz",
      "integrity": "sha512-qOiVORSPm6Ce4/Yu6hbSgNHABLP2VMv8QOC3tTDNHHlWY19pPyc++fBTbZPtx6egPXi4HQxKDnMxVxpbtX2GoA=="
    },
    "@types/node": {
      "version": "20.10.7",
      "resolved": "https://registry.npmjs.org/@types/node/-/node-20.10.7.tgz",
      "integrity": "sha512-fRbIKb8C/Y2lXxB5eVMj4IU7xpdox0Lh8bUPEdtLysaylsml1hOOx1+STloRs/B9nf7C6kPRmmg/V7aQW7usNg=="
    },
    "@types/webidl-conversions": {
      "version": "7.0.3",
      "resolved": "https://registry.npmjs.org/@types/webidl-conversions/-/webidl-conversions-7.0.3.tgz",
      "integrity": "sha512-CiJJvcRtIgzadHCYXw7dqEnMNRjhGZlYK05Mj9OyktqV8uVT8fD2BFOB7S1uwBE3Kj2Z+4UyPmFw/Ixgw/LAlA=="
    },
    "@types/whatwg-url": {
      "version": "8.2.2",
      "resolved": "https://registry.npmjs.org/@types/whatwg-url/-/whatwg-url-8.2.2.tgz",
      "integrity": "sha512-FtQu10RWgn3D9U4aazdwIE2yzphmTJREDqNdODHrbrZmmMqI0vMheC/6NE/J1Yveaj8H+ela+YwWTjq5PGmuhA=="
    },
    "base64-js": {
      "version": "1.5.1",
      "resolved": "https://registry.npmjs.org/base64-js/-/base64-js-1.5.1.tgz",
      "integrity": "sha512-AKpaYlHn8t4SVbOHCy+b5+KKgvR4vrsD8vbvrbiQJps7fKDTkjkDry6ji0rUJjC0kzbNePLwzxq8iypo41qeWA=="
    },
    "bowser": {
      "version": "2.11.0",
      "resolved": "https://registry.npmjs.org/bowser/-/bowser-2.11.0.tgz",
      "integrity": "sha512-AlcaJBi/pqqJBIQ8U9Mcpc9i8Aqxn88Skv5d+xBX006BY5u8N3mGLHa5Lgppa7L/HfwgwLgZ6NYs+Ag6uUmJRA=="
    },
    "bson": {
      "version": "4.7.2",
      "resolved": "https://registry.npmjs.org/bson/-/bson-4.7.2.tgz",
      "integrity": "sha512-Ry9wCtIZ5kGqkJoi6aD8KjxFZEx78guTQDnpXWiNthsxzrxAK/i8E6pCHAIZTbaEFWcOCvbecMukfK7XUvyLpQ=="
    },
    "buffer": {
      "version": "5.7.1",
      "resolved": "https://registry.npmjs.org/buffer/-/buffer-5.7.1.tgz",
      "integrity": "sha512-EHcyIPBQ4BSGlvjB16k5KgAJ27CIsHY/2JBmCRReo48y9rQ3MaUzWX3KVlBa4U7MyX02HdVj0K7C3WaB3ju7FQ=="
    },
    "fast-xml-parser": {
      "version": "4.2.5",
      "resolved": "https://registry.npmjs.org/fast-xml-parser/-/fast-xml-parser-4.2.5.tgz",
      "integrity": "sha512-B9/wizE4WngqQftFPmdaMYlXoJlJOYxGQOanC77fq9k8+Z0v5dDSVh+3glErdIROP//s/jgb7ZuxKfB8nVyo0g=="
    },
    "ieee754": {
      "version": "1.2.1",
      "resolved": "https://registry.npmjs.org/ieee754/-/ieee754-1.2.1.tgz",
      "integrity": "sha512-dcyqhDvX1C46lXZcVqCpK+FtMRQVdIMN6/Df5js2zouUsqG7I6sFxitIC+7KYK29KdXOLHdu9zL4sFnoVQnqaA=="
    },
    "ip": {
      "version": "2.0.0",
      "resolved": "https://registry.npmjs.org/ip/-/ip-2.0.0.tgz",
      "integrity": "sha512-WKa+XuLG1A1R0UWhl2+1XQSi+fZWMsYKffMZTTYsiZaUD8k2yDAj5atimTUD2TZkyCkNEeYE5NhFZmupOGtjYQ=="
    },
    "memory-pager": {
      "version": "1.5.0",
      "resolved": "https://registry.npmjs.org/memory-pager/-/memory-pager-1.5.0.tgz",
      "integrity": "sha512-ZS4Bp4r/Zoeq6+NLJpP+0Zzm0pR8whtGPf1XExKLJBAczGMnSi3It14OiNCStjQjM6NU1okjQGSxgEZN8eBYKg=="
    },
    "mongodb": {
      "version": "4.16.0",
      "resolved": "https://registry.npmjs.org/mongodb/-/mongodb-4.16.0.tgz",
      "integrity": "sha512-0EB113Fsucaq1wsY0dOhi1fmZOwFtLOtteQkiqOXGklvWMnSH3g2QS53f0KTP+/6qOkuoXE2JksubSZNmxeI+g=="
    },
    "mongodb-connection-string-url": {
      "version": "2.6.0",
      "resolved": "https://registry.npmjs.org/mongodb-connection-string-url/-/mongodb-connection-string-url-2.6.0.tgz",
      "integrity": "sha512-WvTZlI9ab0QYtTYnuMLgobULWhokRjtC7db9LtcVfJ+Hsnyr5eo6ZtNAt3Ly24XZScGMelOcGtm7lSn0332tPQ=="
    },
    "punycode": {
      "version": "2.3.1",
      "resolved": "https://registry.npmjs.org/punycode/-/punycode-2.3.1.tgz",
      "integrity": "sha512-vYt7UD1U9Wg6138shLtLOvdAu+8DsC/ilFtEVHcH+wydcSpNE20AfSOduf6MkRFahL5FY7X1oU7nKVZFtfq8Fg=="
    },
    "saslprep": {
      "version": "1.0.3",
      "resolved": "https://registry.npmjs.org/saslprep/-/saslprep-1.0.3.tgz",
      "integrity": "sha512-/MY/PEMbk2SuY5sScONwhUDsV2p77Znkb/q3nSVstq/yQzYJOH/Azh29p9oJLsl3LnQwSvZDKagDGBsBwSooag=="
    },
    "smart-buffer": {
      "version": "4.2.0",
      "resolved": "https://registry.npmjs.org/smart-buffer/-/smart-buffer-4.2.0.tgz",
      "integrity": "sha512-94hK0Hh8rPqQl2xXc3HsaBoOXKV20MToPkcXvwbISWLEs+64sBq5kFgn2kJDHb1Pry9yrP0dxrCI9RRci7RXKg=="
    },
    "socks": {
      "version": "2.7.1",
      "resolved": "https://registry.npmjs.org/socks/-/socks-2.7.1.tgz",
      "integrity": "sha512-7maUZy1N7uo6+WVEX6psASxtNlKaNVMlGQKkG/63nEDdLOWNbiUMoLK7X4uYoLhQstau72mLgfEWcXcwsaHbYQ=="
    },
    "sparse-bitfield": {
      "version": "3.0.3",
      "resolved": "https://registry.npmjs.org/sparse-bitfield/-/sparse-bitfield-3.0.3.tgz",
      "integrity": "sha512-kvzhi7vqKTfkh0PZU+2D2PIllw2ymqJKujUcyPMd9Y75Nv4nPbGJZXNhxsgdQab2BmlDct1YnfQCguEvHr7VsQ=="
    },
    "strnum": {
      "version": "1.0.5",
      "resolved": "https://registry.npmjs.org/strnum/-/strnum-1.0.5.tgz",
      "integrity": "sha512-J8bbNyKKXl5qYcR36TIO8W3mVGVHrmmxsd5PAItGkmyzwJvybiw2IVq5nqd0i4LSNSkB/sx9VHllbfFdr9k1JA=="
    },
    "tr46": {
      "version": "3.0.0",
      "resolved": "https://registry.npmjs.org/tr46/-/tr46-3.0.0.tgz",
      "integrity": "sha512-l7FvfAHlcmulp8kr+flpQZmVwtu7nfRV7NZujtN0OqES8EL4O4e0qqzL0DC5gAvx/ZC/9lk6rhcUwYvkBnBnYA=="
    },
    "tslib": {
      "version": "2.6.2",
      "resolved": "https://registry.npmjs.org/tslib/-/tslib-2.6.2.tgz",
      "integrity": "sha512-AEYxH93jGFPn/a2iVAwW87VuUIkR1FVUKB77NwMF7nBTDkDrrT/Hpt/IrCJ0QXhW27jTBDcf5ZY7w6RiqTMw2Q=="
    },
    "undici-types": {
      "version": "5.26.5",
      "resolved": "https://registry.npmjs.org/undici-types/-/undici-types-5.26.5.tgz",
      "integrity": "sha512-JlCMO+ehdEIKqlFxk6IfVoAUVmgz7cU7zD/h9XZ0qzeosSHmUJVOzSQvvYSYWXkFXC+IfLKSIffhv0sVZup6pA=="
    },
    "uuid": {
      "version": "8.3.2",
      "resolved": "https://registry.npmjs.org/uuid/-/uuid-8.3.2.tgz",
      "integrity": "sha512-+NYs2QeMWy+GWFOEm9xnn6HCDp0l7QBD7ml8zLUmJ+93Q5NF0NocErnwkTkXVFNiX3/fpC6afS8Dhb/gz7R7eg=="
    },
    "webidl-conversions": {
      "version": "7.0.0",
      "resolved": "https://registry.npmjs.org/webidl-conversions/-/webidl-conversions-7.0.0.tgz",
      "integrity": "sha512-VwddBukDzu71offAQR975unBIGqfKZpM+8ZX6ySk8nYhVoo5CYaZyzt3YBvYtRtO+aoGlqxPg/B87NGVZ/fu6g=="
    },
    "whatwg-url": {
      "version": "11.0.0",
      "resolved": "https://registry.npmjs.org/whatwg-url/-/whatwg-url-11.0.0.tgz",
      "integrity": "sha512-RKT8HExMpoYx4igMiVMY83lN6UeITKJlBQ+vR/8ZJ8OCdSiN3RwCq+9gH0+Xzj0+5IrM6i4j/6LuvzbZIQgEcQ=="
    }
  }
}
